// !$*UTF8*$!
{
	archiveVersion = 1;
	classes = {
	};
	objectVersion = 47;
	objects = {

/* Begin PBXBuildFile section */
		2B775201DD1B843DA90CFE0C /* Pods.framework in Frameworks */ = {isa = PBXBuildFile; fileRef = F02919C8ACDBBFE4EDD08473 /* Pods.framework */; };
		50035DA31BC594FE00B5CCE3 /* tabBarController.swift in Sources */ = {isa = PBXBuildFile; fileRef = 50035DA21BC594FE00B5CCE3 /* tabBarController.swift */; };
		500CE63C1BFFC8EB00D612FF /* VIVRShoppingCart.swift in Sources */ = {isa = PBXBuildFile; fileRef = 500CE63B1BFFC8EB00D612FF /* VIVRShoppingCart.swift */; };
		500CE63E1BFFC9C100D612FF /* VIVRShoppingCartDetails.swift in Sources */ = {isa = PBXBuildFile; fileRef = 500CE63D1BFFC9C100D612FF /* VIVRShoppingCartDetails.swift */; };
		500CE6401BFFCE8A00D612FF /* ActivityFeedReviews.swift in Sources */ = {isa = PBXBuildFile; fileRef = 500CE63F1BFFCE8A00D612FF /* ActivityFeedReviews.swift */; };
		500CE6421BFFCF1600D612FF /* Brand.swift in Sources */ = {isa = PBXBuildFile; fileRef = 500CE6411BFFCF1600D612FF /* Brand.swift */; };
		500CE6451BFFD05200D612FF /* DeviceInfo.swift in Sources */ = {isa = PBXBuildFile; fileRef = 500CE6441BFFD05200D612FF /* DeviceInfo.swift */; };
		500CE6471BFFD0DB00D612FF /* Wish.swift in Sources */ = {isa = PBXBuildFile; fileRef = 500CE6461BFFD0DB00D612FF /* Wish.swift */; };
		500CE6491BFFD11000D612FF /* Authorization.swift in Sources */ = {isa = PBXBuildFile; fileRef = 500CE6481BFFD11000D612FF /* Authorization.swift */; };
		500CE64B1BFFD13300D612FF /* Boxes.swift in Sources */ = {isa = PBXBuildFile; fileRef = 500CE64A1BFFD13300D612FF /* Boxes.swift */; };
		500CE64D1BFFD1A300D612FF /* Product.swift in Sources */ = {isa = PBXBuildFile; fileRef = 500CE64C1BFFD1A300D612FF /* Product.swift */; };
		500CE64F1BFFD1DF00D612FF /* Favorite.swift in Sources */ = {isa = PBXBuildFile; fileRef = 500CE64E1BFFD1DF00D612FF /* Favorite.swift */; };
		500CE6511BFFD20D00D612FF /* SearchResult.swift in Sources */ = {isa = PBXBuildFile; fileRef = 500CE6501BFFD20D00D612FF /* SearchResult.swift */; };
		500CE6531BFFD23100D612FF /* User.swift in Sources */ = {isa = PBXBuildFile; fileRef = 500CE6521BFFD23100D612FF /* User.swift */; };
		500CE6551BFFD25400D612FF /* Score.swift in Sources */ = {isa = PBXBuildFile; fileRef = 500CE6541BFFD25400D612FF /* Score.swift */; };
		500CE6571BFFD26F00D612FF /* Tag.swift in Sources */ = {isa = PBXBuildFile; fileRef = 500CE6561BFFD26F00D612FF /* Tag.swift */; };
		500CE6591BFFD29600D612FF /* BlogPost.swift in Sources */ = {isa = PBXBuildFile; fileRef = 500CE6581BFFD29600D612FF /* BlogPost.swift */; };
		501090BD1B0AA05500EFC546 /* help-50.png in Resources */ = {isa = PBXBuildFile; fileRef = 501090BC1B0AA05500EFC546 /* help-50.png */; };
		501233741B02AAB400D8E4ED /* TagCell.swift in Sources */ = {isa = PBXBuildFile; fileRef = 501233731B02AAB400D8E4ED /* TagCell.swift */; };
		50142E9B1AF69BD2004ED2A2 /* BWWalkthroughPageViewController.swift in Sources */ = {isa = PBXBuildFile; fileRef = 50142E991AF69BD2004ED2A2 /* BWWalkthroughPageViewController.swift */; };
		5015010A1BC32D390078F7EB /* VIVRCheckInJuiceViewController.swift in Sources */ = {isa = PBXBuildFile; fileRef = 501501091BC32D390078F7EB /* VIVRCheckInJuiceViewController.swift */; };
		501650311BDBE4CC00798355 /* Markdown.swift in Sources */ = {isa = PBXBuildFile; fileRef = 501650301BDBE4CC00798355 /* Markdown.swift */; };
		501E04181A428F1900F93122 /* AppDelegate.swift in Sources */ = {isa = PBXBuildFile; fileRef = 501E04171A428F1900F93122 /* AppDelegate.swift */; };
		501E04211A428F1900F93122 /* Images.xcassets in Resources */ = {isa = PBXBuildFile; fileRef = 501E04201A428F1900F93122 /* Images.xcassets */; };
		501E04241A428F1900F93122 /* LaunchScreen.xib in Resources */ = {isa = PBXBuildFile; fileRef = 501E04221A428F1900F93122 /* LaunchScreen.xib */; };
		501E04301A428F1900F93122 /* vivr_v4Tests.swift in Sources */ = {isa = PBXBuildFile; fileRef = 501E042F1A428F1900F93122 /* vivr_v4Tests.swift */; };
		501F38281B069C6500242DCF /* VIVRWishlistViewController.swift in Sources */ = {isa = PBXBuildFile; fileRef = 501F38271B069C6500242DCF /* VIVRWishlistViewController.swift */; };
		502337E51A8C21AE00A56BA7 /* vivrHeaderCell.swift in Sources */ = {isa = PBXBuildFile; fileRef = 502337E41A8C21AE00A56BA7 /* vivrHeaderCell.swift */; };
		502DFC7C1AF9988F0052EF50 /* VIVRUserViewController.swift in Sources */ = {isa = PBXBuildFile; fileRef = 502DFC7B1AF9988F0052EF50 /* VIVRUserViewController.swift */; };
		502E216F1C0D55EC0073E483 /* VIVRAddNewBrandViewController.swift in Sources */ = {isa = PBXBuildFile; fileRef = 502E216E1C0D55EC0073E483 /* VIVRAddNewBrandViewController.swift */; };
		5033791D1AD2ED7F00567436 /* productCell.swift in Sources */ = {isa = PBXBuildFile; fileRef = 5033791C1AD2ED7F00567436 /* productCell.swift */; };
		503379231AD2EE7100567436 /* flavorCell.swift in Sources */ = {isa = PBXBuildFile; fileRef = 503379221AD2EE7100567436 /* flavorCell.swift */; };
		5037C8AB1B1E530000952C5A /* SearchTableView.swift in Sources */ = {isa = PBXBuildFile; fileRef = 5037C8AA1B1E530000952C5A /* SearchTableView.swift */; };
		5037C8B21B1E610800952C5A /* searchResultCell.swift in Sources */ = {isa = PBXBuildFile; fileRef = 5037C8B11B1E610800952C5A /* searchResultCell.swift */; };
		503848EA1B6FE777000C0B4B /* BWWalkthroughViewController.swift in Sources */ = {isa = PBXBuildFile; fileRef = 503848E91B6FE777000C0B4B /* BWWalkthroughViewController.swift */; };
		503848EB1B6FE9D9000C0B4B /* Walkthrough.storyboard in Resources */ = {isa = PBXBuildFile; fileRef = 50142EA61AF6AA40004ED2A2 /* Walkthrough.storyboard */; };
		503D59F51C09656100D8C8F4 /* VIVRJuiceCheckIn.swift in Sources */ = {isa = PBXBuildFile; fileRef = 503D59F41C09656100D8C8F4 /* VIVRJuiceCheckIn.swift */; };
		504227201B31F33000C1C194 /* IJReachability.swift in Sources */ = {isa = PBXBuildFile; fileRef = 5042271F1B31F33000C1C194 /* IJReachability.swift */; };
		5042272A1B3344B200C1C194 /* userData.xcdatamodeld in Sources */ = {isa = PBXBuildFile; fileRef = 504227281B3344B200C1C194 /* userData.xcdatamodeld */; };
		5042272C1B3499BB00C1C194 /* EditShippingViewController.swift in Sources */ = {isa = PBXBuildFile; fileRef = 5042272B1B3499BB00C1C194 /* EditShippingViewController.swift */; };
		504D7BC21A88493E00E3463C /* Main.storyboard in Resources */ = {isa = PBXBuildFile; fileRef = 50632C4E1A70922500DD7EAA /* Main.storyboard */; };
		504D7BC41A8849B600E3463C /* reviewTableViewCell.swift in Sources */ = {isa = PBXBuildFile; fileRef = 504D7BC31A8849B600E3463C /* reviewTableViewCell.swift */; };
		504D7BC91A8870B100E3463C /* PTSans.ttc in Resources */ = {isa = PBXBuildFile; fileRef = 504D7BC81A8870B100E3463C /* PTSans.ttc */; };
		504D7BCB1A88733300E3463C /* PTSans-Bold.ttf in Resources */ = {isa = PBXBuildFile; fileRef = 504D7BCA1A88733300E3463C /* PTSans-Bold.ttf */; };
		504D7BCC1A8887E400E3463C /* BrandTableViewCell.swift in Sources */ = {isa = PBXBuildFile; fileRef = 509FD1F01A649154003A7AEE /* BrandTableViewCell.swift */; };
		504DEAAC1A9185C300398961 /* VIVRBrandProductsViewController.swift in Sources */ = {isa = PBXBuildFile; fileRef = 50BBB7F41A649BCA00D0978E /* VIVRBrandProductsViewController.swift */; };
		504DEAAD1A9185C600398961 /* ProductTableViewCell.swift in Sources */ = {isa = PBXBuildFile; fileRef = 50BBB7FA1A65C93F00D0978E /* ProductTableViewCell.swift */; };
		504E1EC01BB8684800FC9DA8 /* VIVRFeaturedPostViewController.swift in Sources */ = {isa = PBXBuildFile; fileRef = 504E1EBF1BB8684800FC9DA8 /* VIVRFeaturedPostViewController.swift */; };
		504E1EC71BB882C300FC9DA8 /* blogCell.swift in Sources */ = {isa = PBXBuildFile; fileRef = 504E1EC61BB882C300FC9DA8 /* blogCell.swift */; };
		5051C6CA1B443BB800FB5E67 /* JuiceCheckInViewController.swift in Sources */ = {isa = PBXBuildFile; fileRef = 5051C6C91B443BB800FB5E67 /* JuiceCheckInViewController.swift */; };
		5051C6D11B444E4500FB5E67 /* VIVRSearchViewController.swift in Sources */ = {isa = PBXBuildFile; fileRef = 5051C6D01B444E4500FB5E67 /* VIVRSearchViewController.swift */; };
		5055C90E1AEC4300001287B2 /* menuController.swift in Sources */ = {isa = PBXBuildFile; fileRef = 5055C90D1AEC4300001287B2 /* menuController.swift */; };
		505F1D7D1A99744B0011BCE8 /* VIVRMyUserViewController.swift in Sources */ = {isa = PBXBuildFile; fileRef = 505F1D7C1A99744B0011BCE8 /* VIVRMyUserViewController.swift */; };
		505F1D7F1A9979F50011BCE8 /* profileCell.swift in Sources */ = {isa = PBXBuildFile; fileRef = 505F1D7E1A9979F40011BCE8 /* profileCell.swift */; };
		505F1D811A997A8A0011BCE8 /* myReviewsCell.swift in Sources */ = {isa = PBXBuildFile; fileRef = 505F1D801A997A8A0011BCE8 /* myReviewsCell.swift */; };
		505FB85F1A47698600584FF8 /* VIVRProductViewController.swift in Sources */ = {isa = PBXBuildFile; fileRef = 505FB85E1A47698600584FF8 /* VIVRProductViewController.swift */; };
		505FB8611A47734300584FF8 /* VIVRHomeViewController.swift in Sources */ = {isa = PBXBuildFile; fileRef = 505FB8601A47734300584FF8 /* VIVRHomeViewController.swift */; };
		5065BF141AD4996A00D34AAA /* attributesCell.swift in Sources */ = {isa = PBXBuildFile; fileRef = 5065BF131AD4996A00D34AAA /* attributesCell.swift */; };
		506785D01AAE630700598D4B /* FavoriteCollectionCell.swift in Sources */ = {isa = PBXBuildFile; fileRef = 506785CF1AAE630700598D4B /* FavoriteCollectionCell.swift */; };
		50679F661BA1F9AF008FD0BE /* AddJuiceCell.swift in Sources */ = {isa = PBXBuildFile; fileRef = 50679F651BA1F9AF008FD0BE /* AddJuiceCell.swift */; };
		50679F6D1BA201BB008FD0BE /* AddNewJuiceView.swift in Sources */ = {isa = PBXBuildFile; fileRef = 50679F6C1BA201BB008FD0BE /* AddNewJuiceView.swift */; };
		50679F6F1BA48D09008FD0BE /* FeaturedCell.swift in Sources */ = {isa = PBXBuildFile; fileRef = 50679F6E1BA48D09008FD0BE /* FeaturedCell.swift */; };
		5072DAA01A9D670F00A64CAB /* VIVRCommentsViewController.swift in Sources */ = {isa = PBXBuildFile; fileRef = 5072DA9F1A9D670F00A64CAB /* VIVRCommentsViewController.swift */; };
		5072DAA21A9D682100A64CAB /* commentCell.swift in Sources */ = {isa = PBXBuildFile; fileRef = 5072DAA11A9D682100A64CAB /* commentCell.swift */; };
		5072DAA41A9E60C600A64CAB /* commentsButton.swift in Sources */ = {isa = PBXBuildFile; fileRef = 5072DAA31A9E60C600A64CAB /* commentsButton.swift */; };
		507A6C141B706B6600B8A1FA /* LoginInViewController.swift in Sources */ = {isa = PBXBuildFile; fileRef = 507A6C131B706B6600B8A1FA /* LoginInViewController.swift */; };
		507A6C161B706B9F00B8A1FA /* SignUpViewController.swift in Sources */ = {isa = PBXBuildFile; fileRef = 507A6C151B706B9F00B8A1FA /* SignUpViewController.swift */; };
		507F2DE31AFFFE2200BBAA67 /* VIVRSettingsEditProfileViewController.swift in Sources */ = {isa = PBXBuildFile; fileRef = 507F2DE21AFFFE2200BBAA67 /* VIVRSettingsEditProfileViewController.swift */; };
		507F2DE51B0115DE00BBAA67 /* VIVRSettingsTableViewController.swift in Sources */ = {isa = PBXBuildFile; fileRef = 507F2DE41B0115DE00BBAA67 /* VIVRSettingsTableViewController.swift */; };
		5084572E1BBB5702009A73D8 /* tempo.swift in Sources */ = {isa = PBXBuildFile; fileRef = 5084572D1BBB5702009A73D8 /* tempo.swift */; };
		5085E0AA1B98B90700C89A0C /* boxProductTableView.swift in Sources */ = {isa = PBXBuildFile; fileRef = 5085E0A91B98B90700C89A0C /* boxProductTableView.swift */; };
		50876DDB1B0C26770081CAA9 /* PagedArray.swift in Sources */ = {isa = PBXBuildFile; fileRef = 50876DDA1B0C26770081CAA9 /* PagedArray.swift */; };
		5089C14A1BA9D9E300727BEC /* iCarousel.m in Sources */ = {isa = PBXBuildFile; fileRef = 5089C1491BA9D9E300727BEC /* iCarousel.m */; };
		508AA7FA1BC728170050E5D3 /* VIVRIndependantReviewView.swift in Sources */ = {isa = PBXBuildFile; fileRef = 508AA7F91BC728170050E5D3 /* VIVRIndependantReviewView.swift */; };
		50985CDB1AFC38B2007BB4DD /* DBImageColorPicker.m in Sources */ = {isa = PBXBuildFile; fileRef = 50985CD81AFC38B2007BB4DD /* DBImageColorPicker.m */; };
		50985CDC1AFC38B2007BB4DD /* UIImage+Color.m in Sources */ = {isa = PBXBuildFile; fileRef = 50985CDA1AFC38B2007BB4DD /* UIImage+Color.m */; };
		509FDE8C1C111783002E7059 /* VIVRProductReviewProtocol.swift in Sources */ = {isa = PBXBuildFile; fileRef = 509FDE8B1C111783002E7059 /* VIVRProductReviewProtocol.swift */; };
		509FDE8F1C112FE0002E7059 /* LoadingScreenViewController.swift in Sources */ = {isa = PBXBuildFile; fileRef = 509FDE8E1C112FE0002E7059 /* LoadingScreenViewController.swift */; };
		50A5DB5E1B01356800EF3A67 /* findFriendsViewViewController.swift in Sources */ = {isa = PBXBuildFile; fileRef = 50A5DB5D1B01356800EF3A67 /* findFriendsViewViewController.swift */; };
		50A5DB641B0141CC00EF3A67 /* editPaymentViewController.swift in Sources */ = {isa = PBXBuildFile; fileRef = 50A5DB631B0141CC00EF3A67 /* editPaymentViewController.swift */; };
		50A5DB661B01474B00EF3A67 /* addFlavorTagsView.swift in Sources */ = {isa = PBXBuildFile; fileRef = 50A5DB651B01474B00EF3A67 /* addFlavorTagsView.swift */; };
		50A9B7761C0CDB8D0061AFC7 /* VIVRReviewViewController.swift in Sources */ = {isa = PBXBuildFile; fileRef = 50A9B7751C0CDB8D0061AFC7 /* VIVRReviewViewController.swift */; };
		50AC982F1B8BB3BA00BE9222 /* MyBoxController.swift in Sources */ = {isa = PBXBuildFile; fileRef = 50AC982E1B8BB3BA00BE9222 /* MyBoxController.swift */; };
		50AC98311B8BB90F00BE9222 /* CreateNewBoxController.swift in Sources */ = {isa = PBXBuildFile; fileRef = 50AC98301B8BB90F00BE9222 /* CreateNewBoxController.swift */; };
		50AD676D1A429A1700D2BD35 /* VIVRBrowseViewController.swift in Sources */ = {isa = PBXBuildFile; fileRef = 50AD676C1A429A1700D2BD35 /* VIVRBrowseViewController.swift */; };
		50B965901B39CD230049716A /* tagCollectionCell.swift in Sources */ = {isa = PBXBuildFile; fileRef = 50B9658F1B39CD230049716A /* tagCollectionCell.swift */; };
		50BE265C1B55B3430037AE19 /* VIVRReviewScoreViewController.swift in Sources */ = {isa = PBXBuildFile; fileRef = 50BE265B1B55B3430037AE19 /* VIVRReviewScoreViewController.swift */; };
		50BE26631B55C9970037AE19 /* ReviewScoreSliver.swift in Sources */ = {isa = PBXBuildFile; fileRef = 50BE26621B55C9970037AE19 /* ReviewScoreSliver.swift */; };
		50C192B41B0A608D008B557F /* VIVRFavoritesViewController.swift in Sources */ = {isa = PBXBuildFile; fileRef = 50C192B31B0A608D008B557F /* VIVRFavoritesViewController.swift */; };
		50C2C6421AC75DDA006E9EBB /* footerCell.swift in Sources */ = {isa = PBXBuildFile; fileRef = 50C2C6411AC75DDA006E9EBB /* footerCell.swift */; };
		50C3B45E1A7C59B200EC39D1 /* loginViewController.swift in Sources */ = {isa = PBXBuildFile; fileRef = 50C3B45D1A7C59B200EC39D1 /* loginViewController.swift */; };
		50C3B4641A7C5DC400EC39D1 /* KeychainWrapper.swift in Sources */ = {isa = PBXBuildFile; fileRef = 50C3B4631A7C5DC400EC39D1 /* KeychainWrapper.swift */; };
		50CC19AF1B0AEF490030D06D /* B68UIFloatLabelTextField.swift in Sources */ = {isa = PBXBuildFile; fileRef = 50CC19AE1B0AEF490030D06D /* B68UIFloatLabelTextField.swift */; };
		50CCD0D61BFE4C0E0003EF98 /* VIVRShoppingCartViewController.swift in Sources */ = {isa = PBXBuildFile; fileRef = 50CCD0D51BFE4C0E0003EF98 /* VIVRShoppingCartViewController.swift */; };
		50EC0ECD1AEB0CFB002D1D40 /* loadMoreCell.swift in Sources */ = {isa = PBXBuildFile; fileRef = 50EC0ECC1AEB0CFB002D1D40 /* loadMoreCell.swift */; };
		50EC0ED91AEC34A1002D1D40 /* SWRevealViewController.m in Sources */ = {isa = PBXBuildFile; fileRef = 50EC0ED81AEC34A1002D1D40 /* SWRevealViewController.m */; };
		50F253231A85C45A0057B2AC /* buzzCell.swift in Sources */ = {isa = PBXBuildFile; fileRef = 50F253221A85C45A0057B2AC /* buzzCell.swift */; };
		50F253291A85C4D10057B2AC /* vivrCell.swift in Sources */ = {isa = PBXBuildFile; fileRef = 50F253281A85C4D10057B2AC /* vivrCell.swift */; };
		50F2532B1A85C4EF0057B2AC /* newCell.swift in Sources */ = {isa = PBXBuildFile; fileRef = 50F2532A1A85C4EF0057B2AC /* newCell.swift */; };
		50F2532D1A88253F0057B2AC /* Router.swift in Sources */ = {isa = PBXBuildFile; fileRef = 50F2532C1A88253F0057B2AC /* Router.swift */; };
		50F26D4F1B0D37FE00A42634 /* AboutTableViewController.swift in Sources */ = {isa = PBXBuildFile; fileRef = 50F26D4E1B0D37FE00A42634 /* AboutTableViewController.swift */; };
		50F26D511B0D3E1B00A42634 /* VIVRFeedBackViewController.swift in Sources */ = {isa = PBXBuildFile; fileRef = 50F26D501B0D3E1B00A42634 /* VIVRFeedBackViewController.swift */; };
		50F26D531B0E5D8700A42634 /* APIWrapper.swift in Sources */ = {isa = PBXBuildFile; fileRef = 50F26D521B0E5D8700A42634 /* APIWrapper.swift */; };
		50FB57BC1C0E15D900568BA7 /* VIVRDidAddNewBrandProtocol.swift in Sources */ = {isa = PBXBuildFile; fileRef = 50FB57BB1C0E15D900568BA7 /* VIVRDidAddNewBrandProtocol.swift */; };
		50FB57C01C0E417600568BA7 /* VIVRUserReviewsViewController.swift in Sources */ = {isa = PBXBuildFile; fileRef = 50FB57BF1C0E417600568BA7 /* VIVRUserReviewsViewController.swift */; };
		50FB57C21C0E46BE00568BA7 /* reviewCellDelegate.swift in Sources */ = {isa = PBXBuildFile; fileRef = 50FB57C11C0E46BE00568BA7 /* reviewCellDelegate.swift */; };
		50FE14DB1B602BFE003D6BA3 /* BoxesCell.swift in Sources */ = {isa = PBXBuildFile; fileRef = 50FE14DA1B602BFE003D6BA3 /* BoxesCell.swift */; };
		50FE14E41B6030A9003D6BA3 /* BoxCell.swift in Sources */ = {isa = PBXBuildFile; fileRef = 50FE14E31B6030A9003D6BA3 /* BoxCell.swift */; };
		529E81F83F1ACA534C2E3AFB /* Pods_vivr.framework in Frameworks */ = {isa = PBXBuildFile; fileRef = 1B82EB0EE4472D8983B5CB2D /* Pods_vivr.framework */; };
/* End PBXBuildFile section */

/* Begin PBXCopyFilesBuildPhase section */
		50BBB7991A64937800D0978E /* Copy Frameworks */ = {
			isa = PBXCopyFilesBuildPhase;
			buildActionMask = 2147483647;
			dstPath = "";
			dstSubfolderSpec = 10;
			files = (
			);
			name = "Copy Frameworks";
			runOnlyForDeploymentPostprocessing = 0;
		};
		50F214011AD71A7200E64DA1 /* CopyFiles */ = {
			isa = PBXCopyFilesBuildPhase;
			buildActionMask = 2147483647;
			dstPath = "";
			dstSubfolderSpec = 7;
			files = (
			);
			runOnlyForDeploymentPostprocessing = 0;
		};
/* End PBXCopyFilesBuildPhase section */

/* Begin PBXFileReference section */
		1B82EB0EE4472D8983B5CB2D /* Pods_vivr.framework */ = {isa = PBXFileReference; explicitFileType = wrapper.framework; includeInIndex = 0; path = Pods_vivr.framework; sourceTree = BUILT_PRODUCTS_DIR; };
		50035DA21BC594FE00B5CCE3 /* tabBarController.swift */ = {isa = PBXFileReference; fileEncoding = 4; lastKnownFileType = sourcecode.swift; path = tabBarController.swift; sourceTree = "<group>"; };
		500CE63B1BFFC8EB00D612FF /* VIVRShoppingCart.swift */ = {isa = PBXFileReference; fileEncoding = 4; lastKnownFileType = sourcecode.swift; path = VIVRShoppingCart.swift; sourceTree = "<group>"; };
		500CE63D1BFFC9C100D612FF /* VIVRShoppingCartDetails.swift */ = {isa = PBXFileReference; fileEncoding = 4; lastKnownFileType = sourcecode.swift; path = VIVRShoppingCartDetails.swift; sourceTree = "<group>"; };
		500CE63F1BFFCE8A00D612FF /* ActivityFeedReviews.swift */ = {isa = PBXFileReference; fileEncoding = 4; lastKnownFileType = sourcecode.swift; path = ActivityFeedReviews.swift; sourceTree = "<group>"; };
		500CE6411BFFCF1600D612FF /* Brand.swift */ = {isa = PBXFileReference; fileEncoding = 4; lastKnownFileType = sourcecode.swift; path = Brand.swift; sourceTree = "<group>"; };
		500CE6441BFFD05200D612FF /* DeviceInfo.swift */ = {isa = PBXFileReference; fileEncoding = 4; lastKnownFileType = sourcecode.swift; path = DeviceInfo.swift; sourceTree = "<group>"; };
		500CE6461BFFD0DB00D612FF /* Wish.swift */ = {isa = PBXFileReference; fileEncoding = 4; lastKnownFileType = sourcecode.swift; path = Wish.swift; sourceTree = "<group>"; };
		500CE6481BFFD11000D612FF /* Authorization.swift */ = {isa = PBXFileReference; fileEncoding = 4; lastKnownFileType = sourcecode.swift; path = Authorization.swift; sourceTree = "<group>"; };
		500CE64A1BFFD13300D612FF /* Boxes.swift */ = {isa = PBXFileReference; fileEncoding = 4; lastKnownFileType = sourcecode.swift; path = Boxes.swift; sourceTree = "<group>"; };
		500CE64C1BFFD1A300D612FF /* Product.swift */ = {isa = PBXFileReference; fileEncoding = 4; lastKnownFileType = sourcecode.swift; path = Product.swift; sourceTree = "<group>"; };
		500CE64E1BFFD1DF00D612FF /* Favorite.swift */ = {isa = PBXFileReference; fileEncoding = 4; lastKnownFileType = sourcecode.swift; path = Favorite.swift; sourceTree = "<group>"; };
		500CE6501BFFD20D00D612FF /* SearchResult.swift */ = {isa = PBXFileReference; fileEncoding = 4; lastKnownFileType = sourcecode.swift; path = SearchResult.swift; sourceTree = "<group>"; };
		500CE6521BFFD23100D612FF /* User.swift */ = {isa = PBXFileReference; fileEncoding = 4; lastKnownFileType = sourcecode.swift; path = User.swift; sourceTree = "<group>"; };
		500CE6541BFFD25400D612FF /* Score.swift */ = {isa = PBXFileReference; fileEncoding = 4; lastKnownFileType = sourcecode.swift; path = Score.swift; sourceTree = "<group>"; };
		500CE6561BFFD26F00D612FF /* Tag.swift */ = {isa = PBXFileReference; fileEncoding = 4; lastKnownFileType = sourcecode.swift; path = Tag.swift; sourceTree = "<group>"; };
		500CE6581BFFD29600D612FF /* BlogPost.swift */ = {isa = PBXFileReference; fileEncoding = 4; lastKnownFileType = sourcecode.swift; path = BlogPost.swift; sourceTree = "<group>"; };
		501090BC1B0AA05500EFC546 /* help-50.png */ = {isa = PBXFileReference; lastKnownFileType = image.png; path = "help-50.png"; sourceTree = "<group>"; };
		501233731B02AAB400D8E4ED /* TagCell.swift */ = {isa = PBXFileReference; fileEncoding = 4; lastKnownFileType = sourcecode.swift; path = TagCell.swift; sourceTree = "<group>"; };
		50142E991AF69BD2004ED2A2 /* BWWalkthroughPageViewController.swift */ = {isa = PBXFileReference; fileEncoding = 4; lastKnownFileType = sourcecode.swift; path = BWWalkthroughPageViewController.swift; sourceTree = "<group>"; };
		50142EA61AF6AA40004ED2A2 /* Walkthrough.storyboard */ = {isa = PBXFileReference; fileEncoding = 4; lastKnownFileType = file.storyboard; path = Walkthrough.storyboard; sourceTree = "<group>"; };
		501501091BC32D390078F7EB /* VIVRCheckInJuiceViewController.swift */ = {isa = PBXFileReference; fileEncoding = 4; lastKnownFileType = sourcecode.swift; path = VIVRCheckInJuiceViewController.swift; sourceTree = "<group>"; };
		501650301BDBE4CC00798355 /* Markdown.swift */ = {isa = PBXFileReference; fileEncoding = 4; lastKnownFileType = sourcecode.swift; path = Markdown.swift; sourceTree = "<group>"; };
		501E04121A428F1900F93122 /* vivr.app */ = {isa = PBXFileReference; explicitFileType = wrapper.application; includeInIndex = 0; path = vivr.app; sourceTree = BUILT_PRODUCTS_DIR; };
		501E04161A428F1900F93122 /* Info.plist */ = {isa = PBXFileReference; lastKnownFileType = text.plist.xml; path = Info.plist; sourceTree = "<group>"; };
		501E04171A428F1900F93122 /* AppDelegate.swift */ = {isa = PBXFileReference; lastKnownFileType = sourcecode.swift; path = AppDelegate.swift; sourceTree = "<group>"; };
		501E04201A428F1900F93122 /* Images.xcassets */ = {isa = PBXFileReference; lastKnownFileType = folder.assetcatalog; path = Images.xcassets; sourceTree = "<group>"; };
		501E04231A428F1900F93122 /* Base */ = {isa = PBXFileReference; lastKnownFileType = file.xib; name = Base; path = Base.lproj/LaunchScreen.xib; sourceTree = "<group>"; };
		501E04291A428F1900F93122 /* vivrTests.xctest */ = {isa = PBXFileReference; explicitFileType = wrapper.cfbundle; includeInIndex = 0; path = vivrTests.xctest; sourceTree = BUILT_PRODUCTS_DIR; };
		501E042E1A428F1900F93122 /* Info.plist */ = {isa = PBXFileReference; lastKnownFileType = text.plist.xml; path = Info.plist; sourceTree = "<group>"; };
		501E042F1A428F1900F93122 /* vivr_v4Tests.swift */ = {isa = PBXFileReference; lastKnownFileType = sourcecode.swift; path = vivr_v4Tests.swift; sourceTree = "<group>"; };
		501F38271B069C6500242DCF /* VIVRWishlistViewController.swift */ = {isa = PBXFileReference; fileEncoding = 4; lastKnownFileType = sourcecode.swift; path = VIVRWishlistViewController.swift; sourceTree = "<group>"; };
		502337E41A8C21AE00A56BA7 /* vivrHeaderCell.swift */ = {isa = PBXFileReference; fileEncoding = 4; lastKnownFileType = sourcecode.swift; path = vivrHeaderCell.swift; sourceTree = "<group>"; };
		502DFC7B1AF9988F0052EF50 /* VIVRUserViewController.swift */ = {isa = PBXFileReference; fileEncoding = 4; lastKnownFileType = sourcecode.swift; path = VIVRUserViewController.swift; sourceTree = "<group>"; };
		502E216E1C0D55EC0073E483 /* VIVRAddNewBrandViewController.swift */ = {isa = PBXFileReference; fileEncoding = 4; lastKnownFileType = sourcecode.swift; path = VIVRAddNewBrandViewController.swift; sourceTree = "<group>"; };
		5033791C1AD2ED7F00567436 /* productCell.swift */ = {isa = PBXFileReference; fileEncoding = 4; lastKnownFileType = sourcecode.swift; path = productCell.swift; sourceTree = "<group>"; };
		503379221AD2EE7100567436 /* flavorCell.swift */ = {isa = PBXFileReference; fileEncoding = 4; lastKnownFileType = sourcecode.swift; path = flavorCell.swift; sourceTree = "<group>"; };
		5037C8AA1B1E530000952C5A /* SearchTableView.swift */ = {isa = PBXFileReference; fileEncoding = 4; lastKnownFileType = sourcecode.swift; path = SearchTableView.swift; sourceTree = "<group>"; };
		5037C8B11B1E610800952C5A /* searchResultCell.swift */ = {isa = PBXFileReference; fileEncoding = 4; lastKnownFileType = sourcecode.swift; path = searchResultCell.swift; sourceTree = "<group>"; };
		503848E91B6FE777000C0B4B /* BWWalkthroughViewController.swift */ = {isa = PBXFileReference; lastKnownFileType = sourcecode.swift; path = BWWalkthroughViewController.swift; sourceTree = "<group>"; };
		503D59F41C09656100D8C8F4 /* VIVRJuiceCheckIn.swift */ = {isa = PBXFileReference; fileEncoding = 4; lastKnownFileType = sourcecode.swift; path = VIVRJuiceCheckIn.swift; sourceTree = "<group>"; };
		5042271F1B31F33000C1C194 /* IJReachability.swift */ = {isa = PBXFileReference; fileEncoding = 4; lastKnownFileType = sourcecode.swift; path = IJReachability.swift; sourceTree = "<group>"; };
		504227291B3344B200C1C194 /* userData.xcdatamodel */ = {isa = PBXFileReference; lastKnownFileType = wrapper.xcdatamodel; path = userData.xcdatamodel; sourceTree = "<group>"; };
		5042272B1B3499BB00C1C194 /* EditShippingViewController.swift */ = {isa = PBXFileReference; fileEncoding = 4; lastKnownFileType = sourcecode.swift; path = EditShippingViewController.swift; sourceTree = "<group>"; };
		504D7BC31A8849B600E3463C /* reviewTableViewCell.swift */ = {isa = PBXFileReference; fileEncoding = 4; lastKnownFileType = sourcecode.swift; path = reviewTableViewCell.swift; sourceTree = "<group>"; };
		504D7BC81A8870B100E3463C /* PTSans.ttc */ = {isa = PBXFileReference; lastKnownFileType = file; name = PTSans.ttc; path = ../../../../../../Library/Fonts/PTSans.ttc; sourceTree = "<group>"; };
		504D7BCA1A88733300E3463C /* PTSans-Bold.ttf */ = {isa = PBXFileReference; lastKnownFileType = file; name = "PTSans-Bold.ttf"; path = "../../../../Downloads/onlinefontconverter.com/converted-files/PTSans-Bold.ttf"; sourceTree = "<group>"; };
		504E1EBF1BB8684800FC9DA8 /* VIVRFeaturedPostViewController.swift */ = {isa = PBXFileReference; fileEncoding = 4; lastKnownFileType = sourcecode.swift; path = VIVRFeaturedPostViewController.swift; sourceTree = "<group>"; };
		504E1EC61BB882C300FC9DA8 /* blogCell.swift */ = {isa = PBXFileReference; fileEncoding = 4; lastKnownFileType = sourcecode.swift; path = blogCell.swift; sourceTree = "<group>"; };
		5051C6C91B443BB800FB5E67 /* JuiceCheckInViewController.swift */ = {isa = PBXFileReference; fileEncoding = 4; lastKnownFileType = sourcecode.swift; path = JuiceCheckInViewController.swift; sourceTree = "<group>"; };
		5051C6D01B444E4500FB5E67 /* VIVRSearchViewController.swift */ = {isa = PBXFileReference; fileEncoding = 4; lastKnownFileType = sourcecode.swift; path = VIVRSearchViewController.swift; sourceTree = "<group>"; };
		5055C90D1AEC4300001287B2 /* menuController.swift */ = {isa = PBXFileReference; fileEncoding = 4; lastKnownFileType = sourcecode.swift; path = menuController.swift; sourceTree = "<group>"; };
		505F1D7C1A99744B0011BCE8 /* VIVRMyUserViewController.swift */ = {isa = PBXFileReference; fileEncoding = 4; lastKnownFileType = sourcecode.swift; path = VIVRMyUserViewController.swift; sourceTree = "<group>"; };
		505F1D7E1A9979F40011BCE8 /* profileCell.swift */ = {isa = PBXFileReference; fileEncoding = 4; lastKnownFileType = sourcecode.swift; path = profileCell.swift; sourceTree = "<group>"; };
		505F1D801A997A8A0011BCE8 /* myReviewsCell.swift */ = {isa = PBXFileReference; fileEncoding = 4; lastKnownFileType = sourcecode.swift; path = myReviewsCell.swift; sourceTree = "<group>"; };
		505FB85E1A47698600584FF8 /* VIVRProductViewController.swift */ = {isa = PBXFileReference; fileEncoding = 4; lastKnownFileType = sourcecode.swift; path = VIVRProductViewController.swift; sourceTree = "<group>"; };
		505FB8601A47734300584FF8 /* VIVRHomeViewController.swift */ = {isa = PBXFileReference; fileEncoding = 4; lastKnownFileType = sourcecode.swift; path = VIVRHomeViewController.swift; sourceTree = "<group>"; };
		50632C4F1A70922500DD7EAA /* Base */ = {isa = PBXFileReference; lastKnownFileType = file.storyboard; name = Base; path = Base.lproj/Main.storyboard; sourceTree = "<group>"; };
		5065BF131AD4996A00D34AAA /* attributesCell.swift */ = {isa = PBXFileReference; fileEncoding = 4; lastKnownFileType = sourcecode.swift; path = attributesCell.swift; sourceTree = "<group>"; };
		506785CF1AAE630700598D4B /* FavoriteCollectionCell.swift */ = {isa = PBXFileReference; fileEncoding = 4; lastKnownFileType = sourcecode.swift; path = FavoriteCollectionCell.swift; sourceTree = "<group>"; };
		50679F651BA1F9AF008FD0BE /* AddJuiceCell.swift */ = {isa = PBXFileReference; fileEncoding = 4; lastKnownFileType = sourcecode.swift; path = AddJuiceCell.swift; sourceTree = "<group>"; };
		50679F6C1BA201BB008FD0BE /* AddNewJuiceView.swift */ = {isa = PBXFileReference; fileEncoding = 4; lastKnownFileType = sourcecode.swift; path = AddNewJuiceView.swift; sourceTree = "<group>"; };
		50679F6E1BA48D09008FD0BE /* FeaturedCell.swift */ = {isa = PBXFileReference; fileEncoding = 4; lastKnownFileType = sourcecode.swift; path = FeaturedCell.swift; sourceTree = "<group>"; };
		5072DA9F1A9D670F00A64CAB /* VIVRCommentsViewController.swift */ = {isa = PBXFileReference; fileEncoding = 4; lastKnownFileType = sourcecode.swift; path = VIVRCommentsViewController.swift; sourceTree = "<group>"; };
		5072DAA11A9D682100A64CAB /* commentCell.swift */ = {isa = PBXFileReference; fileEncoding = 4; lastKnownFileType = sourcecode.swift; path = commentCell.swift; sourceTree = "<group>"; };
		5072DAA31A9E60C600A64CAB /* commentsButton.swift */ = {isa = PBXFileReference; fileEncoding = 4; lastKnownFileType = sourcecode.swift; path = commentsButton.swift; sourceTree = "<group>"; };
		507A6C131B706B6600B8A1FA /* LoginInViewController.swift */ = {isa = PBXFileReference; fileEncoding = 4; lastKnownFileType = sourcecode.swift; path = LoginInViewController.swift; sourceTree = "<group>"; };
		507A6C151B706B9F00B8A1FA /* SignUpViewController.swift */ = {isa = PBXFileReference; fileEncoding = 4; lastKnownFileType = sourcecode.swift; path = SignUpViewController.swift; sourceTree = "<group>"; };
		507F2DE21AFFFE2200BBAA67 /* VIVRSettingsEditProfileViewController.swift */ = {isa = PBXFileReference; fileEncoding = 4; lastKnownFileType = sourcecode.swift; path = VIVRSettingsEditProfileViewController.swift; sourceTree = "<group>"; };
		507F2DE41B0115DE00BBAA67 /* VIVRSettingsTableViewController.swift */ = {isa = PBXFileReference; fileEncoding = 4; lastKnownFileType = sourcecode.swift; path = VIVRSettingsTableViewController.swift; sourceTree = "<group>"; };
		5084572D1BBB5702009A73D8 /* tempo.swift */ = {isa = PBXFileReference; fileEncoding = 4; lastKnownFileType = sourcecode.swift; path = tempo.swift; sourceTree = "<group>"; };
		5085E0A91B98B90700C89A0C /* boxProductTableView.swift */ = {isa = PBXFileReference; fileEncoding = 4; lastKnownFileType = sourcecode.swift; path = boxProductTableView.swift; sourceTree = "<group>"; };
		50876DDA1B0C26770081CAA9 /* PagedArray.swift */ = {isa = PBXFileReference; fileEncoding = 4; lastKnownFileType = sourcecode.swift; path = PagedArray.swift; sourceTree = "<group>"; };
		5089C1481BA9D9E300727BEC /* iCarousel.h */ = {isa = PBXFileReference; fileEncoding = 4; lastKnownFileType = sourcecode.c.h; path = iCarousel.h; sourceTree = "<group>"; };
		5089C1491BA9D9E300727BEC /* iCarousel.m */ = {isa = PBXFileReference; fileEncoding = 4; lastKnownFileType = sourcecode.c.objc; path = iCarousel.m; sourceTree = "<group>"; };
		508AA7F91BC728170050E5D3 /* VIVRIndependantReviewView.swift */ = {isa = PBXFileReference; fileEncoding = 4; lastKnownFileType = sourcecode.swift; path = VIVRIndependantReviewView.swift; sourceTree = "<group>"; };
		50985CD71AFC38B2007BB4DD /* DBImageColorPicker.h */ = {isa = PBXFileReference; fileEncoding = 4; lastKnownFileType = sourcecode.c.h; path = DBImageColorPicker.h; sourceTree = "<group>"; };
		50985CD81AFC38B2007BB4DD /* DBImageColorPicker.m */ = {isa = PBXFileReference; fileEncoding = 4; lastKnownFileType = sourcecode.c.objc; path = DBImageColorPicker.m; sourceTree = "<group>"; };
		50985CD91AFC38B2007BB4DD /* UIImage+Color.h */ = {isa = PBXFileReference; fileEncoding = 4; lastKnownFileType = sourcecode.c.h; path = "UIImage+Color.h"; sourceTree = "<group>"; };
		50985CDA1AFC38B2007BB4DD /* UIImage+Color.m */ = {isa = PBXFileReference; fileEncoding = 4; lastKnownFileType = sourcecode.c.objc; path = "UIImage+Color.m"; sourceTree = "<group>"; };
		509FD1F01A649154003A7AEE /* BrandTableViewCell.swift */ = {isa = PBXFileReference; fileEncoding = 4; lastKnownFileType = sourcecode.swift; path = BrandTableViewCell.swift; sourceTree = "<group>"; };
		509FDE8B1C111783002E7059 /* VIVRProductReviewProtocol.swift */ = {isa = PBXFileReference; fileEncoding = 4; lastKnownFileType = sourcecode.swift; path = VIVRProductReviewProtocol.swift; sourceTree = "<group>"; };
		509FDE8E1C112FE0002E7059 /* LoadingScreenViewController.swift */ = {isa = PBXFileReference; fileEncoding = 4; lastKnownFileType = sourcecode.swift; path = LoadingScreenViewController.swift; sourceTree = "<group>"; };
		50A5DB5D1B01356800EF3A67 /* findFriendsViewViewController.swift */ = {isa = PBXFileReference; fileEncoding = 4; lastKnownFileType = sourcecode.swift; path = findFriendsViewViewController.swift; sourceTree = "<group>"; };
		50A5DB631B0141CC00EF3A67 /* editPaymentViewController.swift */ = {isa = PBXFileReference; fileEncoding = 4; lastKnownFileType = sourcecode.swift; path = editPaymentViewController.swift; sourceTree = "<group>"; };
		50A5DB651B01474B00EF3A67 /* addFlavorTagsView.swift */ = {isa = PBXFileReference; fileEncoding = 4; lastKnownFileType = sourcecode.swift; path = addFlavorTagsView.swift; sourceTree = "<group>"; };
		50A9B7751C0CDB8D0061AFC7 /* VIVRReviewViewController.swift */ = {isa = PBXFileReference; fileEncoding = 4; lastKnownFileType = sourcecode.swift; path = VIVRReviewViewController.swift; sourceTree = "<group>"; };
		50AC982E1B8BB3BA00BE9222 /* MyBoxController.swift */ = {isa = PBXFileReference; fileEncoding = 4; lastKnownFileType = sourcecode.swift; path = MyBoxController.swift; sourceTree = "<group>"; };
		50AC98301B8BB90F00BE9222 /* CreateNewBoxController.swift */ = {isa = PBXFileReference; fileEncoding = 4; lastKnownFileType = sourcecode.swift; path = CreateNewBoxController.swift; sourceTree = "<group>"; };
		50AD676C1A429A1700D2BD35 /* VIVRBrowseViewController.swift */ = {isa = PBXFileReference; fileEncoding = 4; lastKnownFileType = sourcecode.swift; name = VIVRBrowseViewController.swift; path = "vivr v4/VIVRBrowseViewController.swift"; sourceTree = SOURCE_ROOT; };
		50AF3C911BA7AFF20014C003 /* userData 2.xcdatamodel */ = {isa = PBXFileReference; lastKnownFileType = wrapper.xcdatamodel; path = "userData 2.xcdatamodel"; sourceTree = "<group>"; };
		50AF3C971BA7B8500014C003 /* userData 3.xcdatamodel */ = {isa = PBXFileReference; lastKnownFileType = wrapper.xcdatamodel; path = "userData 3.xcdatamodel"; sourceTree = "<group>"; };
		50B9658F1B39CD230049716A /* tagCollectionCell.swift */ = {isa = PBXFileReference; fileEncoding = 4; lastKnownFileType = sourcecode.swift; path = tagCollectionCell.swift; sourceTree = "<group>"; };
		50BB8B1C1BC74C2D0048E092 /* SwiftyJSON.framework */ = {isa = PBXFileReference; lastKnownFileType = wrapper.framework; name = SwiftyJSON.framework; path = "Pods/../build/Debug-iphoneos/SwiftyJSON.framework"; sourceTree = "<group>"; };
		50BB8B201BC74C470048E092 /* Alamofire.framework */ = {isa = PBXFileReference; lastKnownFileType = wrapper.framework; name = Alamofire.framework; path = "Pods/../build/Debug-iphoneos/Alamofire.framework"; sourceTree = "<group>"; };
		50BBB7F41A649BCA00D0978E /* VIVRBrandProductsViewController.swift */ = {isa = PBXFileReference; fileEncoding = 4; lastKnownFileType = sourcecode.swift; path = VIVRBrandProductsViewController.swift; sourceTree = "<group>"; };
		50BBB7FA1A65C93F00D0978E /* ProductTableViewCell.swift */ = {isa = PBXFileReference; fileEncoding = 4; lastKnownFileType = sourcecode.swift; path = ProductTableViewCell.swift; sourceTree = "<group>"; };
		50BE265B1B55B3430037AE19 /* VIVRReviewScoreViewController.swift */ = {isa = PBXFileReference; fileEncoding = 4; lastKnownFileType = sourcecode.swift; path = VIVRReviewScoreViewController.swift; sourceTree = "<group>"; };
		50BE26621B55C9970037AE19 /* ReviewScoreSliver.swift */ = {isa = PBXFileReference; fileEncoding = 4; lastKnownFileType = sourcecode.swift; path = ReviewScoreSliver.swift; sourceTree = "<group>"; };
		50C192B31B0A608D008B557F /* VIVRFavoritesViewController.swift */ = {isa = PBXFileReference; fileEncoding = 4; lastKnownFileType = sourcecode.swift; path = VIVRFavoritesViewController.swift; sourceTree = "<group>"; };
		50C2C6321AC4A167006E9EBB /* anyUserViewController.swift */ = {isa = PBXFileReference; fileEncoding = 4; lastKnownFileType = sourcecode.swift; path = anyUserViewController.swift; sourceTree = "<group>"; };
		50C2C6411AC75DDA006E9EBB /* footerCell.swift */ = {isa = PBXFileReference; fileEncoding = 4; lastKnownFileType = sourcecode.swift; path = footerCell.swift; sourceTree = "<group>"; };
		50C3B45D1A7C59B200EC39D1 /* loginViewController.swift */ = {isa = PBXFileReference; fileEncoding = 4; lastKnownFileType = sourcecode.swift; path = loginViewController.swift; sourceTree = "<group>"; };
		50C3B4631A7C5DC400EC39D1 /* KeychainWrapper.swift */ = {isa = PBXFileReference; fileEncoding = 4; lastKnownFileType = sourcecode.swift; path = KeychainWrapper.swift; sourceTree = "<group>"; };
		50CC19AE1B0AEF490030D06D /* B68UIFloatLabelTextField.swift */ = {isa = PBXFileReference; fileEncoding = 4; lastKnownFileType = sourcecode.swift; path = B68UIFloatLabelTextField.swift; sourceTree = "<group>"; };
		50CCD0D51BFE4C0E0003EF98 /* VIVRShoppingCartViewController.swift */ = {isa = PBXFileReference; fileEncoding = 4; lastKnownFileType = sourcecode.swift; path = VIVRShoppingCartViewController.swift; sourceTree = "<group>"; };
		50D833341BC982D40020FE75 /* Haneke.framework */ = {isa = PBXFileReference; lastKnownFileType = wrapper.framework; name = Haneke.framework; path = "Pods/../build/Debug-iphoneos/Haneke.framework"; sourceTree = "<group>"; };
		50DBB7E11BCEF9BE00814230 /* Mixpanel.framework */ = {isa = PBXFileReference; lastKnownFileType = wrapper.framework; name = Mixpanel.framework; path = "Pods/../build/Debug-iphoneos/Mixpanel.framework"; sourceTree = "<group>"; };
		50EC0ECC1AEB0CFB002D1D40 /* loadMoreCell.swift */ = {isa = PBXFileReference; fileEncoding = 4; lastKnownFileType = sourcecode.swift; path = loadMoreCell.swift; sourceTree = "<group>"; };
		50EC0ED71AEC34A1002D1D40 /* SWRevealViewController.h */ = {isa = PBXFileReference; fileEncoding = 4; lastKnownFileType = sourcecode.c.h; name = SWRevealViewController.h; path = "../../../../Downloads/SWRevealViewController-master 2/SWRevealViewController/SWRevealViewController.h"; sourceTree = "<group>"; };
		50EC0ED81AEC34A1002D1D40 /* SWRevealViewController.m */ = {isa = PBXFileReference; fileEncoding = 4; lastKnownFileType = sourcecode.c.objc; name = SWRevealViewController.m; path = "../../../../Downloads/SWRevealViewController-master 2/SWRevealViewController/SWRevealViewController.m"; sourceTree = "<group>"; };
		50F253221A85C45A0057B2AC /* buzzCell.swift */ = {isa = PBXFileReference; fileEncoding = 4; lastKnownFileType = sourcecode.swift; path = buzzCell.swift; sourceTree = "<group>"; };
		50F253281A85C4D10057B2AC /* vivrCell.swift */ = {isa = PBXFileReference; fileEncoding = 4; lastKnownFileType = sourcecode.swift; path = vivrCell.swift; sourceTree = "<group>"; };
		50F2532A1A85C4EF0057B2AC /* newCell.swift */ = {isa = PBXFileReference; fileEncoding = 4; lastKnownFileType = sourcecode.swift; path = newCell.swift; sourceTree = "<group>"; };
		50F2532C1A88253F0057B2AC /* Router.swift */ = {isa = PBXFileReference; fileEncoding = 4; lastKnownFileType = sourcecode.swift; path = Router.swift; sourceTree = "<group>"; };
		50F26D4E1B0D37FE00A42634 /* AboutTableViewController.swift */ = {isa = PBXFileReference; fileEncoding = 4; lastKnownFileType = sourcecode.swift; path = AboutTableViewController.swift; sourceTree = "<group>"; };
		50F26D501B0D3E1B00A42634 /* VIVRFeedBackViewController.swift */ = {isa = PBXFileReference; fileEncoding = 4; lastKnownFileType = sourcecode.swift; path = VIVRFeedBackViewController.swift; sourceTree = "<group>"; };
		50F26D521B0E5D8700A42634 /* APIWrapper.swift */ = {isa = PBXFileReference; fileEncoding = 4; lastKnownFileType = sourcecode.swift; path = APIWrapper.swift; sourceTree = "<group>"; };
		50FB57BB1C0E15D900568BA7 /* VIVRDidAddNewBrandProtocol.swift */ = {isa = PBXFileReference; fileEncoding = 4; lastKnownFileType = sourcecode.swift; path = VIVRDidAddNewBrandProtocol.swift; sourceTree = "<group>"; };
		50FB57BF1C0E417600568BA7 /* VIVRUserReviewsViewController.swift */ = {isa = PBXFileReference; fileEncoding = 4; lastKnownFileType = sourcecode.swift; path = VIVRUserReviewsViewController.swift; sourceTree = "<group>"; };
		50FB57C11C0E46BE00568BA7 /* reviewCellDelegate.swift */ = {isa = PBXFileReference; fileEncoding = 4; lastKnownFileType = sourcecode.swift; path = reviewCellDelegate.swift; sourceTree = "<group>"; };
		50FE14DA1B602BFE003D6BA3 /* BoxesCell.swift */ = {isa = PBXFileReference; fileEncoding = 4; lastKnownFileType = sourcecode.swift; path = BoxesCell.swift; sourceTree = "<group>"; };
		50FE14E31B6030A9003D6BA3 /* BoxCell.swift */ = {isa = PBXFileReference; fileEncoding = 4; lastKnownFileType = sourcecode.swift; path = BoxCell.swift; sourceTree = "<group>"; };
		E22A8040F1B830ACD71DC853 /* Pods.release.xcconfig */ = {isa = PBXFileReference; includeInIndex = 1; lastKnownFileType = text.xcconfig; name = Pods.release.xcconfig; path = "Pods/Target Support Files/Pods/Pods.release.xcconfig"; sourceTree = "<group>"; };
		EF80CA2CE4B4BE7CEA77BE97 /* Pods.debug.xcconfig */ = {isa = PBXFileReference; includeInIndex = 1; lastKnownFileType = text.xcconfig; name = Pods.debug.xcconfig; path = "Pods/Target Support Files/Pods/Pods.debug.xcconfig"; sourceTree = "<group>"; };
		F02919C8ACDBBFE4EDD08473 /* Pods.framework */ = {isa = PBXFileReference; explicitFileType = wrapper.framework; includeInIndex = 0; path = Pods.framework; sourceTree = BUILT_PRODUCTS_DIR; };
		FAD38A3487EFC24F511193EE /* Pods.distribution.xcconfig */ = {isa = PBXFileReference; includeInIndex = 1; lastKnownFileType = text.xcconfig; name = Pods.distribution.xcconfig; path = "Pods/Target Support Files/Pods/Pods.distribution.xcconfig"; sourceTree = "<group>"; };
/* End PBXFileReference section */

/* Begin PBXFrameworksBuildPhase section */
		501E040F1A428F1900F93122 /* Frameworks */ = {
			isa = PBXFrameworksBuildPhase;
			buildActionMask = 2147483647;
			files = (
				2B775201DD1B843DA90CFE0C /* Pods.framework in Frameworks */,
				529E81F83F1ACA534C2E3AFB /* Pods_vivr.framework in Frameworks */,
			);
			runOnlyForDeploymentPostprocessing = 0;
		};
		501E04261A428F1900F93122 /* Frameworks */ = {
			isa = PBXFrameworksBuildPhase;
			buildActionMask = 2147483647;
			files = (
			);
			runOnlyForDeploymentPostprocessing = 0;
		};
/* End PBXFrameworksBuildPhase section */

/* Begin PBXGroup section */
		500CE63A1BFFC8C500D612FF /* Models */ = {
			isa = PBXGroup;
			children = (
				500CE63F1BFFCE8A00D612FF /* ActivityFeedReviews.swift */,
				500CE6481BFFD11000D612FF /* Authorization.swift */,
				500CE6581BFFD29600D612FF /* BlogPost.swift */,
				500CE64A1BFFD13300D612FF /* Boxes.swift */,
				500CE6411BFFCF1600D612FF /* Brand.swift */,
				500CE6441BFFD05200D612FF /* DeviceInfo.swift */,
				500CE64E1BFFD1DF00D612FF /* Favorite.swift */,
				500CE64C1BFFD1A300D612FF /* Product.swift */,
				500CE6541BFFD25400D612FF /* Score.swift */,
				500CE6501BFFD20D00D612FF /* SearchResult.swift */,
				500CE6561BFFD26F00D612FF /* Tag.swift */,
				500CE6521BFFD23100D612FF /* User.swift */,
				500CE63B1BFFC8EB00D612FF /* VIVRShoppingCart.swift */,
				500CE63D1BFFC9C100D612FF /* VIVRShoppingCartDetails.swift */,
				500CE6461BFFD0DB00D612FF /* Wish.swift */,
			);
			name = Models;
			sourceTree = "<group>";
		};
		500CE6431BFFCF4900D612FF /* Settings View Controllers */ = {
			isa = PBXGroup;
			children = (
				507F2DE41B0115DE00BBAA67 /* VIVRSettingsTableViewController.swift */,
				507F2DE21AFFFE2200BBAA67 /* VIVRSettingsEditProfileViewController.swift */,
				50F26D501B0D3E1B00A42634 /* VIVRFeedBackViewController.swift */,
			);
			name = "Settings View Controllers";
			sourceTree = "<group>";
		};
		501E04091A428F1900F93122 = {
			isa = PBXGroup;
			children = (
				501E04141A428F1900F93122 /* vivr */,
				501E042C1A428F1900F93122 /* vivr v4Tests */,
				501E04131A428F1900F93122 /* Products */,
				5F8B983161EBB7F4A78A516E /* Pods */,
				7BBD62682BC8AAD4A9EB06C5 /* Frameworks */,
			);
			sourceTree = "<group>";
		};
		501E04131A428F1900F93122 /* Products */ = {
			isa = PBXGroup;
			children = (
				501E04121A428F1900F93122 /* vivr.app */,
				501E04291A428F1900F93122 /* vivrTests.xctest */,
			);
			name = Products;
			sourceTree = "<group>";
		};
		501E04141A428F1900F93122 /* vivr */ = {
			isa = PBXGroup;
			children = (
				509FDE8D1C112FC2002E7059 /* Custom Views and Controls */,
				50632C4E1A70922500DD7EAA /* Main.storyboard */,
				50142EA61AF6AA40004ED2A2 /* Walkthrough.storyboard */,
				50985CD21AFC389A007BB4DD /* colorPicker */,
				50EC0ED51AEC346F002D1D40 /* SWRevealController */,
				50A0663D1B30D264006152EE /* vivrCelliInfoPages */,
				503D59F31C081CE500D8C8F4 /* Managers */,
				503D59F01C081BF200D8C8F4 /* Protocols */,
				500CE63A1BFFC8C500D612FF /* Models */,
				50FAAF2C1BFD1CFA000D2379 /* User View Controllers */,
				500CE6431BFFCF4900D612FF /* Settings View Controllers */,
				50EC0ED41AEC3390002D1D40 /* View Controllers */,
				50EC0ED31AEC3386002D1D40 /* cells */,
				501E04171A428F1900F93122 /* AppDelegate.swift */,
				504227281B3344B200C1C194 /* userData.xcdatamodeld */,
				50876DDA1B0C26770081CAA9 /* PagedArray.swift */,
				50BE26621B55C9970037AE19 /* ReviewScoreSliver.swift */,
				507A6C171B70778600B8A1FA /* networking */,
				507A6C121B706B3600B8A1FA /* login screens */,
				5042271F1B31F33000C1C194 /* IJReachability.swift */,
				5089C1421BA9D9D200727BEC /* iCarousel */,
				50CC19AE1B0AEF490030D06D /* B68UIFloatLabelTextField.swift */,
				5084572D1BBB5702009A73D8 /* tempo.swift */,
				50C3B4631A7C5DC400EC39D1 /* KeychainWrapper.swift */,
				5072DAA31A9E60C600A64CAB /* commentsButton.swift */,
				504D7BC81A8870B100E3463C /* PTSans.ttc */,
				504D7BCA1A88733300E3463C /* PTSans-Bold.ttf */,
				501E04201A428F1900F93122 /* Images.xcassets */,
				501090BC1B0AA05500EFC546 /* help-50.png */,
				501E04221A428F1900F93122 /* LaunchScreen.xib */,
				501E04151A428F1900F93122 /* Supporting Files */,
			);
			name = vivr;
			path = "vivr v4";
			sourceTree = "<group>";
		};
		501E04151A428F1900F93122 /* Supporting Files */ = {
			isa = PBXGroup;
			children = (
				501E04161A428F1900F93122 /* Info.plist */,
			);
			name = "Supporting Files";
			sourceTree = "<group>";
		};
		501E042C1A428F1900F93122 /* vivr v4Tests */ = {
			isa = PBXGroup;
			children = (
				501E042F1A428F1900F93122 /* vivr_v4Tests.swift */,
				501E042D1A428F1900F93122 /* Supporting Files */,
			);
			path = "vivr v4Tests";
			sourceTree = "<group>";
		};
		501E042D1A428F1900F93122 /* Supporting Files */ = {
			isa = PBXGroup;
			children = (
				501E042E1A428F1900F93122 /* Info.plist */,
			);
			name = "Supporting Files";
			sourceTree = "<group>";
		};
		503D59F01C081BF200D8C8F4 /* Protocols */ = {
			isa = PBXGroup;
			children = (
				50FB57BB1C0E15D900568BA7 /* VIVRDidAddNewBrandProtocol.swift */,
				50FB57C11C0E46BE00568BA7 /* reviewCellDelegate.swift */,
				509FDE8B1C111783002E7059 /* VIVRProductReviewProtocol.swift */,
			);
			name = Protocols;
			sourceTree = "<group>";
		};
		503D59F31C081CE500D8C8F4 /* Managers */ = {
			isa = PBXGroup;
			children = (
			);
			name = Managers;
			sourceTree = "<group>";
		};
		507A6C121B706B3600B8A1FA /* login screens */ = {
			isa = PBXGroup;
			children = (
				50C3B45D1A7C59B200EC39D1 /* loginViewController.swift */,
				507A6C131B706B6600B8A1FA /* LoginInViewController.swift */,
				507A6C151B706B9F00B8A1FA /* SignUpViewController.swift */,
				50142E991AF69BD2004ED2A2 /* BWWalkthroughPageViewController.swift */,
				503848E91B6FE777000C0B4B /* BWWalkthroughViewController.swift */,
			);
			name = "login screens";
			sourceTree = "<group>";
		};
		507A6C171B70778600B8A1FA /* networking */ = {
			isa = PBXGroup;
			children = (
				50F26D521B0E5D8700A42634 /* APIWrapper.swift */,
				50F2532C1A88253F0057B2AC /* Router.swift */,
				501650301BDBE4CC00798355 /* Markdown.swift */,
			);
			name = networking;
			sourceTree = "<group>";
		};
		5089C1421BA9D9D200727BEC /* iCarousel */ = {
			isa = PBXGroup;
			children = (
				5089C1481BA9D9E300727BEC /* iCarousel.h */,
				5089C1491BA9D9E300727BEC /* iCarousel.m */,
			);
			name = iCarousel;
			sourceTree = "<group>";
		};
		50985CD21AFC389A007BB4DD /* colorPicker */ = {
			isa = PBXGroup;
			children = (
				50985CD71AFC38B2007BB4DD /* DBImageColorPicker.h */,
				50985CD81AFC38B2007BB4DD /* DBImageColorPicker.m */,
				50985CD91AFC38B2007BB4DD /* UIImage+Color.h */,
				50985CDA1AFC38B2007BB4DD /* UIImage+Color.m */,
			);
			name = colorPicker;
			sourceTree = "<group>";
		};
		509FDE8D1C112FC2002E7059 /* Custom Views and Controls */ = {
			isa = PBXGroup;
			children = (
				509FDE8E1C112FE0002E7059 /* LoadingScreenViewController.swift */,
			);
			name = "Custom Views and Controls";
			sourceTree = "<group>";
		};
		50A0663D1B30D264006152EE /* vivrCelliInfoPages */ = {
			isa = PBXGroup;
			children = (
			);
			name = vivrCelliInfoPages;
			sourceTree = "<group>";
		};
		50EC0ED31AEC3386002D1D40 /* cells */ = {
			isa = PBXGroup;
			children = (
				50679F651BA1F9AF008FD0BE /* AddJuiceCell.swift */,
				5065BF131AD4996A00D34AAA /* attributesCell.swift */,
				50FE14E31B6030A9003D6BA3 /* BoxCell.swift */,
				50FE14DA1B602BFE003D6BA3 /* BoxesCell.swift */,
				509FD1F01A649154003A7AEE /* BrandTableViewCell.swift */,
				50F253221A85C45A0057B2AC /* buzzCell.swift */,
				5072DAA11A9D682100A64CAB /* commentCell.swift */,
				506785CF1AAE630700598D4B /* FavoriteCollectionCell.swift */,
				503379221AD2EE7100567436 /* flavorCell.swift */,
				50C2C6411AC75DDA006E9EBB /* footerCell.swift */,
				504E1EC61BB882C300FC9DA8 /* blogCell.swift */,
				50679F6E1BA48D09008FD0BE /* FeaturedCell.swift */,
				50EC0ECC1AEB0CFB002D1D40 /* loadMoreCell.swift */,
				505F1D801A997A8A0011BCE8 /* myReviewsCell.swift */,
				50F2532A1A85C4EF0057B2AC /* newCell.swift */,
				5033791C1AD2ED7F00567436 /* productCell.swift */,
				50BBB7FA1A65C93F00D0978E /* ProductTableViewCell.swift */,
				505F1D7E1A9979F40011BCE8 /* profileCell.swift */,
				504D7BC31A8849B600E3463C /* reviewTableViewCell.swift */,
				5037C8B11B1E610800952C5A /* searchResultCell.swift */,
				501233731B02AAB400D8E4ED /* TagCell.swift */,
				50B9658F1B39CD230049716A /* tagCollectionCell.swift */,
				50F253281A85C4D10057B2AC /* vivrCell.swift */,
				502337E41A8C21AE00A56BA7 /* vivrHeaderCell.swift */,
			);
			name = cells;
			sourceTree = "<group>";
		};
		50EC0ED41AEC3390002D1D40 /* View Controllers */ = {
			isa = PBXGroup;
			children = (
				505FB8601A47734300584FF8 /* VIVRHomeViewController.swift */,
				501501091BC32D390078F7EB /* VIVRCheckInJuiceViewController.swift */,
				5072DA9F1A9D670F00A64CAB /* VIVRCommentsViewController.swift */,
				50BBB7F41A649BCA00D0978E /* VIVRBrandProductsViewController.swift */,
				502E216E1C0D55EC0073E483 /* VIVRAddNewBrandViewController.swift */,
				505FB85E1A47698600584FF8 /* VIVRProductViewController.swift */,
				50AD676C1A429A1700D2BD35 /* VIVRBrowseViewController.swift */,
				50BE265B1B55B3430037AE19 /* VIVRReviewScoreViewController.swift */,
				508AA7F91BC728170050E5D3 /* VIVRIndependantReviewView.swift */,
				504E1EBF1BB8684800FC9DA8 /* VIVRFeaturedPostViewController.swift */,
				503D59F41C09656100D8C8F4 /* VIVRJuiceCheckIn.swift */,
				50035DA21BC594FE00B5CCE3 /* tabBarController.swift */,
				50A9B7751C0CDB8D0061AFC7 /* VIVRReviewViewController.swift */,
				50CCD0D51BFE4C0E0003EF98 /* VIVRShoppingCartViewController.swift */,
				50F26D4E1B0D37FE00A42634 /* AboutTableViewController.swift */,
				50A5DB651B01474B00EF3A67 /* addFlavorTagsView.swift */,
				50679F6C1BA201BB008FD0BE /* AddNewJuiceView.swift */,
				50A5DB631B0141CC00EF3A67 /* editPaymentViewController.swift */,
				50C2C6321AC4A167006E9EBB /* anyUserViewController.swift */,
				5085E0A91B98B90700C89A0C /* boxProductTableView.swift */,
				50AC98301B8BB90F00BE9222 /* CreateNewBoxController.swift */,
				5042272B1B3499BB00C1C194 /* EditShippingViewController.swift */,
				50A5DB5D1B01356800EF3A67 /* findFriendsViewViewController.swift */,
				5051C6C91B443BB800FB5E67 /* JuiceCheckInViewController.swift */,
				5055C90D1AEC4300001287B2 /* menuController.swift */,
				50AC982E1B8BB3BA00BE9222 /* MyBoxController.swift */,
				5037C8AA1B1E530000952C5A /* SearchTableView.swift */,
				5051C6D01B444E4500FB5E67 /* VIVRSearchViewController.swift */,
				50FB57BF1C0E417600568BA7 /* VIVRUserReviewsViewController.swift */,
			);
			name = "View Controllers";
			sourceTree = "<group>";
		};
		50EC0ED51AEC346F002D1D40 /* SWRevealController */ = {
			isa = PBXGroup;
			children = (
				50EC0ED71AEC34A1002D1D40 /* SWRevealViewController.h */,
				50EC0ED81AEC34A1002D1D40 /* SWRevealViewController.m */,
			);
			name = SWRevealController;
			sourceTree = "<group>";
		};
		50FAAF2C1BFD1CFA000D2379 /* User View Controllers */ = {
			isa = PBXGroup;
			children = (
				505F1D7C1A99744B0011BCE8 /* VIVRMyUserViewController.swift */,
				502DFC7B1AF9988F0052EF50 /* VIVRUserViewController.swift */,
				50C192B31B0A608D008B557F /* VIVRFavoritesViewController.swift */,
				501F38271B069C6500242DCF /* VIVRWishlistViewController.swift */,
			);
			name = "User View Controllers";
			sourceTree = "<group>";
		};
		5F8B983161EBB7F4A78A516E /* Pods */ = {
			isa = PBXGroup;
			children = (
				EF80CA2CE4B4BE7CEA77BE97 /* Pods.debug.xcconfig */,
				E22A8040F1B830ACD71DC853 /* Pods.release.xcconfig */,
				FAD38A3487EFC24F511193EE /* Pods.distribution.xcconfig */,
			);
			name = Pods;
			sourceTree = "<group>";
		};
		7BBD62682BC8AAD4A9EB06C5 /* Frameworks */ = {
			isa = PBXGroup;
			children = (
				50DBB7E11BCEF9BE00814230 /* Mixpanel.framework */,
				50D833341BC982D40020FE75 /* Haneke.framework */,
				50BB8B201BC74C470048E092 /* Alamofire.framework */,
				50BB8B1C1BC74C2D0048E092 /* SwiftyJSON.framework */,
				F02919C8ACDBBFE4EDD08473 /* Pods.framework */,
				1B82EB0EE4472D8983B5CB2D /* Pods_vivr.framework */,
			);
			name = Frameworks;
			sourceTree = "<group>";
		};
/* End PBXGroup section */

/* Begin PBXNativeTarget section */
		501E04111A428F1900F93122 /* vivr */ = {
			isa = PBXNativeTarget;
			buildConfigurationList = 501E04331A428F1900F93122 /* Build configuration list for PBXNativeTarget "vivr" */;
			buildPhases = (
				BAEB8EC6727D47D6C87C8DC7 /* Check Pods Manifest.lock */,
				501E040E1A428F1900F93122 /* Sources */,
				501E040F1A428F1900F93122 /* Frameworks */,
				501E04101A428F1900F93122 /* Resources */,
				50BBB7991A64937800D0978E /* Copy Frameworks */,
				50F214011AD71A7200E64DA1 /* CopyFiles */,
				8F077140FE02410D44135D59 /* Copy Pods Resources */,
				91ACAD756E7178ED34100883 /* Embed Pods Frameworks */,
			);
			buildRules = (
			);
			dependencies = (
			);
			name = vivr;
			productName = "vivr v4";
			productReference = 501E04121A428F1900F93122 /* vivr.app */;
			productType = "com.apple.product-type.application";
		};
		501E04281A428F1900F93122 /* vivrTests */ = {
			isa = PBXNativeTarget;
			buildConfigurationList = 501E04361A428F1900F93122 /* Build configuration list for PBXNativeTarget "vivrTests" */;
			buildPhases = (
				501E04251A428F1900F93122 /* Sources */,
				501E04261A428F1900F93122 /* Frameworks */,
				501E04271A428F1900F93122 /* Resources */,
			);
			buildRules = (
			);
			dependencies = (
			);
			name = vivrTests;
			productName = "vivr v4Tests";
			productReference = 501E04291A428F1900F93122 /* vivrTests.xctest */;
			productType = "com.apple.product-type.bundle.unit-test";
		};
/* End PBXNativeTarget section */

/* Begin PBXProject section */
		501E040A1A428F1900F93122 /* Project object */ = {
			isa = PBXProject;
			attributes = {
				LastSwiftMigration = 0700;
				LastSwiftUpdateCheck = 0700;
				LastUpgradeCheck = 0700;
				ORGANIZATIONNAME = "max blessen";
				TargetAttributes = {
					501E04111A428F1900F93122 = {
						CreatedOnToolsVersion = 6.1.1;
						DevelopmentTeam = 3LZZ9ZHSC3;
					};
					501E04281A428F1900F93122 = {
						CreatedOnToolsVersion = 6.1.1;
						TestTargetID = 501E04111A428F1900F93122;
					};
				};
			};
			buildConfigurationList = 501E040D1A428F1900F93122 /* Build configuration list for PBXProject "vivr" */;
			compatibilityVersion = "Xcode 6.3";
			developmentRegion = English;
			hasScannedForEncodings = 0;
			knownRegions = (
				en,
				Base,
			);
			mainGroup = 501E04091A428F1900F93122;
			productRefGroup = 501E04131A428F1900F93122 /* Products */;
			projectDirPath = "";
			projectRoot = "";
			targets = (
				501E04111A428F1900F93122 /* vivr */,
				501E04281A428F1900F93122 /* vivrTests */,
			);
		};
/* End PBXProject section */

/* Begin PBXResourcesBuildPhase section */
		501E04101A428F1900F93122 /* Resources */ = {
			isa = PBXResourcesBuildPhase;
			buildActionMask = 2147483647;
			files = (
				504D7BC91A8870B100E3463C /* PTSans.ttc in Resources */,
				501E04241A428F1900F93122 /* LaunchScreen.xib in Resources */,
				503848EB1B6FE9D9000C0B4B /* Walkthrough.storyboard in Resources */,
				501E04211A428F1900F93122 /* Images.xcassets in Resources */,
				504D7BC21A88493E00E3463C /* Main.storyboard in Resources */,
				504D7BCB1A88733300E3463C /* PTSans-Bold.ttf in Resources */,
				501090BD1B0AA05500EFC546 /* help-50.png in Resources */,
			);
			runOnlyForDeploymentPostprocessing = 0;
		};
		501E04271A428F1900F93122 /* Resources */ = {
			isa = PBXResourcesBuildPhase;
			buildActionMask = 2147483647;
			files = (
			);
			runOnlyForDeploymentPostprocessing = 0;
		};
/* End PBXResourcesBuildPhase section */

/* Begin PBXShellScriptBuildPhase section */
		8F077140FE02410D44135D59 /* Copy Pods Resources */ = {
			isa = PBXShellScriptBuildPhase;
			buildActionMask = 2147483647;
			files = (
			);
			inputPaths = (
			);
			name = "Copy Pods Resources";
			outputPaths = (
			);
			runOnlyForDeploymentPostprocessing = 0;
			shellPath = /bin/sh;
			shellScript = "\"${SRCROOT}/Pods/Target Support Files/Pods-vivr/Pods-vivr-resources.sh\"\n";
			showEnvVarsInLog = 0;
		};
		91ACAD756E7178ED34100883 /* Embed Pods Frameworks */ = {
			isa = PBXShellScriptBuildPhase;
			buildActionMask = 2147483647;
			files = (
			);
			inputPaths = (
			);
			name = "Embed Pods Frameworks";
			outputPaths = (
			);
			runOnlyForDeploymentPostprocessing = 0;
			shellPath = /bin/sh;
			shellScript = "\"${SRCROOT}/Pods/Target Support Files/Pods-vivr/Pods-vivr-frameworks.sh\"\n";
			showEnvVarsInLog = 0;
		};
		BAEB8EC6727D47D6C87C8DC7 /* Check Pods Manifest.lock */ = {
			isa = PBXShellScriptBuildPhase;
			buildActionMask = 2147483647;
			files = (
			);
			inputPaths = (
			);
			name = "Check Pods Manifest.lock";
			outputPaths = (
			);
			runOnlyForDeploymentPostprocessing = 0;
			shellPath = /bin/sh;
			shellScript = "diff \"${PODS_ROOT}/../Podfile.lock\" \"${PODS_ROOT}/Manifest.lock\" > /dev/null\nif [[ $? != 0 ]] ; then\n    cat << EOM\nerror: The sandbox is not in sync with the Podfile.lock. Run 'pod install' or update your CocoaPods installation.\nEOM\n    exit 1\nfi\n";
			showEnvVarsInLog = 0;
		};
/* End PBXShellScriptBuildPhase section */

/* Begin PBXSourcesBuildPhase section */
		501E040E1A428F1900F93122 /* Sources */ = {
			isa = PBXSourcesBuildPhase;
			buildActionMask = 2147483647;
			files = (
				502E216F1C0D55EC0073E483 /* VIVRAddNewBrandViewController.swift in Sources */,
				503848EA1B6FE777000C0B4B /* BWWalkthroughViewController.swift in Sources */,
				5051C6CA1B443BB800FB5E67 /* JuiceCheckInViewController.swift in Sources */,
				50C3B45E1A7C59B200EC39D1 /* loginViewController.swift in Sources */,
				505F1D7F1A9979F50011BCE8 /* profileCell.swift in Sources */,
				509FDE8F1C112FE0002E7059 /* LoadingScreenViewController.swift in Sources */,
				50CC19AF1B0AEF490030D06D /* B68UIFloatLabelTextField.swift in Sources */,
				50A5DB661B01474B00EF3A67 /* addFlavorTagsView.swift in Sources */,
				502DFC7C1AF9988F0052EF50 /* VIVRUserViewController.swift in Sources */,
				500CE6451BFFD05200D612FF /* DeviceInfo.swift in Sources */,
				507A6C161B706B9F00B8A1FA /* SignUpViewController.swift in Sources */,
				5037C8B21B1E610800952C5A /* searchResultCell.swift in Sources */,
				505F1D7D1A99744B0011BCE8 /* VIVRMyUserViewController.swift in Sources */,
				5015010A1BC32D390078F7EB /* VIVRCheckInJuiceViewController.swift in Sources */,
				500CE6531BFFD23100D612FF /* User.swift in Sources */,
				509FDE8C1C111783002E7059 /* VIVRProductReviewProtocol.swift in Sources */,
				507F2DE51B0115DE00BBAA67 /* VIVRSettingsTableViewController.swift in Sources */,
				506785D01AAE630700598D4B /* FavoriteCollectionCell.swift in Sources */,
				5065BF141AD4996A00D34AAA /* attributesCell.swift in Sources */,
				50F2532B1A85C4EF0057B2AC /* newCell.swift in Sources */,
				504DEAAD1A9185C600398961 /* ProductTableViewCell.swift in Sources */,
				501E04181A428F1900F93122 /* AppDelegate.swift in Sources */,
				505FB85F1A47698600584FF8 /* VIVRProductViewController.swift in Sources */,
				50FE14E41B6030A9003D6BA3 /* BoxCell.swift in Sources */,
				500CE6491BFFD11000D612FF /* Authorization.swift in Sources */,
				5042272A1B3344B200C1C194 /* userData.xcdatamodeld in Sources */,
				500CE6571BFFD26F00D612FF /* Tag.swift in Sources */,
				5089C14A1BA9D9E300727BEC /* iCarousel.m in Sources */,
				50EC0ECD1AEB0CFB002D1D40 /* loadMoreCell.swift in Sources */,
				50F253231A85C45A0057B2AC /* buzzCell.swift in Sources */,
				504E1EC71BB882C300FC9DA8 /* blogCell.swift in Sources */,
				504DEAAC1A9185C300398961 /* VIVRBrandProductsViewController.swift in Sources */,
				503D59F51C09656100D8C8F4 /* VIVRJuiceCheckIn.swift in Sources */,
				5033791D1AD2ED7F00567436 /* productCell.swift in Sources */,
				50F2532D1A88253F0057B2AC /* Router.swift in Sources */,
				5051C6D11B444E4500FB5E67 /* VIVRSearchViewController.swift in Sources */,
				5072DAA41A9E60C600A64CAB /* commentsButton.swift in Sources */,
				500CE6551BFFD25400D612FF /* Score.swift in Sources */,
				500CE64F1BFFD1DF00D612FF /* Favorite.swift in Sources */,
				50679F6D1BA201BB008FD0BE /* AddNewJuiceView.swift in Sources */,
				50AD676D1A429A1700D2BD35 /* VIVRBrowseViewController.swift in Sources */,
				504D7BC41A8849B600E3463C /* reviewTableViewCell.swift in Sources */,
				50FB57C21C0E46BE00568BA7 /* reviewCellDelegate.swift in Sources */,
				505F1D811A997A8A0011BCE8 /* myReviewsCell.swift in Sources */,
				50C192B41B0A608D008B557F /* VIVRFavoritesViewController.swift in Sources */,
				50BE265C1B55B3430037AE19 /* VIVRReviewScoreViewController.swift in Sources */,
				5042272C1B3499BB00C1C194 /* EditShippingViewController.swift in Sources */,
				500CE6401BFFCE8A00D612FF /* ActivityFeedReviews.swift in Sources */,
				500CE6471BFFD0DB00D612FF /* Wish.swift in Sources */,
				50CCD0D61BFE4C0E0003EF98 /* VIVRShoppingCartViewController.swift in Sources */,
				5055C90E1AEC4300001287B2 /* menuController.swift in Sources */,
				504227201B31F33000C1C194 /* IJReachability.swift in Sources */,
				50985CDC1AFC38B2007BB4DD /* UIImage+Color.m in Sources */,
				500CE63C1BFFC8EB00D612FF /* VIVRShoppingCart.swift in Sources */,
				501F38281B069C6500242DCF /* VIVRWishlistViewController.swift in Sources */,
				50679F661BA1F9AF008FD0BE /* AddJuiceCell.swift in Sources */,
				500CE64D1BFFD1A300D612FF /* Product.swift in Sources */,
				50876DDB1B0C26770081CAA9 /* PagedArray.swift in Sources */,
				507A6C141B706B6600B8A1FA /* LoginInViewController.swift in Sources */,
				5072DAA21A9D682100A64CAB /* commentCell.swift in Sources */,
				50AC98311B8BB90F00BE9222 /* CreateNewBoxController.swift in Sources */,
				50142E9B1AF69BD2004ED2A2 /* BWWalkthroughPageViewController.swift in Sources */,
				50F26D4F1B0D37FE00A42634 /* AboutTableViewController.swift in Sources */,
				50C2C6421AC75DDA006E9EBB /* footerCell.swift in Sources */,
				50A5DB5E1B01356800EF3A67 /* findFriendsViewViewController.swift in Sources */,
				50679F6F1BA48D09008FD0BE /* FeaturedCell.swift in Sources */,
				500CE64B1BFFD13300D612FF /* Boxes.swift in Sources */,
				50A9B7761C0CDB8D0061AFC7 /* VIVRReviewViewController.swift in Sources */,
				501650311BDBE4CC00798355 /* Markdown.swift in Sources */,
				504E1EC01BB8684800FC9DA8 /* VIVRFeaturedPostViewController.swift in Sources */,
				50985CDB1AFC38B2007BB4DD /* DBImageColorPicker.m in Sources */,
				500CE6591BFFD29600D612FF /* BlogPost.swift in Sources */,
				50FB57BC1C0E15D900568BA7 /* VIVRDidAddNewBrandProtocol.swift in Sources */,
				50035DA31BC594FE00B5CCE3 /* tabBarController.swift in Sources */,
				50C3B4641A7C5DC400EC39D1 /* KeychainWrapper.swift in Sources */,
				50FB57C01C0E417600568BA7 /* VIVRUserReviewsViewController.swift in Sources */,
				508AA7FA1BC728170050E5D3 /* VIVRIndependantReviewView.swift in Sources */,
				500CE6421BFFCF1600D612FF /* Brand.swift in Sources */,
				507F2DE31AFFFE2200BBAA67 /* VIVRSettingsEditProfileViewController.swift in Sources */,
				5037C8AB1B1E530000952C5A /* SearchTableView.swift in Sources */,
				505FB8611A47734300584FF8 /* VIVRHomeViewController.swift in Sources */,
				5072DAA01A9D670F00A64CAB /* VIVRCommentsViewController.swift in Sources */,
				50BE26631B55C9970037AE19 /* ReviewScoreSliver.swift in Sources */,
				50FE14DB1B602BFE003D6BA3 /* BoxesCell.swift in Sources */,
				501233741B02AAB400D8E4ED /* TagCell.swift in Sources */,
				5085E0AA1B98B90700C89A0C /* boxProductTableView.swift in Sources */,
				503379231AD2EE7100567436 /* flavorCell.swift in Sources */,
				500CE63E1BFFC9C100D612FF /* VIVRShoppingCartDetails.swift in Sources */,
				502337E51A8C21AE00A56BA7 /* vivrHeaderCell.swift in Sources */,
				50EC0ED91AEC34A1002D1D40 /* SWRevealViewController.m in Sources */,
				50AC982F1B8BB3BA00BE9222 /* MyBoxController.swift in Sources */,
				504D7BCC1A8887E400E3463C /* BrandTableViewCell.swift in Sources */,
				500CE6511BFFD20D00D612FF /* SearchResult.swift in Sources */,
				50F26D511B0D3E1B00A42634 /* VIVRFeedBackViewController.swift in Sources */,
				50A5DB641B0141CC00EF3A67 /* editPaymentViewController.swift in Sources */,
				50B965901B39CD230049716A /* tagCollectionCell.swift in Sources */,
				50F253291A85C4D10057B2AC /* vivrCell.swift in Sources */,
				50F26D531B0E5D8700A42634 /* APIWrapper.swift in Sources */,
				5084572E1BBB5702009A73D8 /* tempo.swift in Sources */,
			);
			runOnlyForDeploymentPostprocessing = 0;
		};
		501E04251A428F1900F93122 /* Sources */ = {
			isa = PBXSourcesBuildPhase;
			buildActionMask = 2147483647;
			files = (
				501E04301A428F1900F93122 /* vivr_v4Tests.swift in Sources */,
			);
			runOnlyForDeploymentPostprocessing = 0;
		};
/* End PBXSourcesBuildPhase section */

/* Begin PBXVariantGroup section */
		501E04221A428F1900F93122 /* LaunchScreen.xib */ = {
			isa = PBXVariantGroup;
			children = (
				501E04231A428F1900F93122 /* Base */,
			);
			name = LaunchScreen.xib;
			sourceTree = "<group>";
		};
		50632C4E1A70922500DD7EAA /* Main.storyboard */ = {
			isa = PBXVariantGroup;
			children = (
				50632C4F1A70922500DD7EAA /* Base */,
			);
			name = Main.storyboard;
			sourceTree = "<group>";
		};
/* End PBXVariantGroup section */

/* Begin XCBuildConfiguration section */
		5002F1971BC2F4DE0025C910 /* Distribution */ = {
			isa = XCBuildConfiguration;
			buildSettings = {
				ALWAYS_SEARCH_USER_PATHS = NO;
				CLANG_CXX_LANGUAGE_STANDARD = "gnu++0x";
				CLANG_CXX_LIBRARY = "libc++";
				CLANG_ENABLE_MODULES = YES;
				CLANG_ENABLE_OBJC_ARC = YES;
				CLANG_WARN_BOOL_CONVERSION = YES;
				CLANG_WARN_CONSTANT_CONVERSION = YES;
				CLANG_WARN_DIRECT_OBJC_ISA_USAGE = YES_ERROR;
				CLANG_WARN_EMPTY_BODY = YES;
				CLANG_WARN_ENUM_CONVERSION = YES;
				CLANG_WARN_INT_CONVERSION = YES;
				CLANG_WARN_OBJC_ROOT_CLASS = YES_ERROR;
				CLANG_WARN_UNREACHABLE_CODE = YES;
				CLANG_WARN__DUPLICATE_METHOD_MATCH = YES;
				CODE_SIGN_IDENTITY = "iPhone Developer: maxwell Blessen (SL357E37M8)";
				"CODE_SIGN_IDENTITY[sdk=iphoneos*]" = "iPhone Developer: maxwell Blessen (SL357E37M8)";
				COPY_PHASE_STRIP = YES;
				ENABLE_NS_ASSERTIONS = NO;
				ENABLE_STRICT_OBJC_MSGSEND = YES;
				GCC_C_LANGUAGE_STANDARD = gnu99;
				GCC_WARN_64_TO_32_BIT_CONVERSION = YES;
				GCC_WARN_ABOUT_RETURN_TYPE = YES_ERROR;
				GCC_WARN_UNDECLARED_SELECTOR = YES;
				GCC_WARN_UNINITIALIZED_AUTOS = YES_AGGRESSIVE;
				GCC_WARN_UNUSED_FUNCTION = YES;
				GCC_WARN_UNUSED_VARIABLE = YES;
				IPHONEOS_DEPLOYMENT_TARGET = 8.1;
				MTL_ENABLE_DEBUG_INFO = NO;
				PROVISIONING_PROFILE = "22f74e39-97b3-4369-a55f-0a873ad6329f";
				SDKROOT = iphoneos;
				VALIDATE_PRODUCT = YES;
			};
			name = Distribution;
		};
		5002F1981BC2F4DE0025C910 /* Distribution */ = {
			isa = XCBuildConfiguration;
			baseConfigurationReference = FAD38A3487EFC24F511193EE /* Pods.distribution.xcconfig */;
			buildSettings = {
				ASSETCATALOG_COMPILER_APPICON_NAME = AppIcon;
				CLANG_ENABLE_MODULES = YES;
				CODE_SIGN_IDENTITY = "iPhone Developer: maxwell Blessen (SL357E37M8)";
				"CODE_SIGN_IDENTITY[sdk=iphoneos*]" = "iPhone Developer: maxwell Blessen (SL357E37M8)";
				FRAMEWORK_SEARCH_PATHS = (
					"$(inherited)",
					"$(PROJECT_DIR)/build/Debug-iphoneos",
				);
				INFOPLIST_FILE = "vivr v4/Info.plist";
				IPHONEOS_DEPLOYMENT_TARGET = 8.0;
				LD_RUNPATH_SEARCH_PATHS = "$(inherited) @executable_path/Frameworks";
				PRODUCT_BUNDLE_IDENTIFIER = 3LZZ9ZHSC3com.vivr.vivr;
				PRODUCT_NAME = vivr;
				PROVISIONING_PROFILE = "22f74e39-97b3-4369-a55f-0a873ad6329f";
				SWIFT_OBJC_BRIDGING_HEADER = "vivr v4/vivr v4-Bridging-Header.h";
				TARGETED_DEVICE_FAMILY = 1;
			};
			name = Distribution;
		};
		5002F1991BC2F4DE0025C910 /* Distribution */ = {
			isa = XCBuildConfiguration;
			buildSettings = {
				BUNDLE_LOADER = "$(TEST_HOST)";
				FRAMEWORK_SEARCH_PATHS = (
					"$(SDKROOT)/Developer/Library/Frameworks",
					"$(inherited)",
				);
				INFOPLIST_FILE = "vivr v4Tests/Info.plist";
				LD_RUNPATH_SEARCH_PATHS = "$(inherited) @executable_path/Frameworks @loader_path/Frameworks";
				PRODUCT_BUNDLE_IDENTIFIER = "test.$(PRODUCT_NAME:rfc1034identifier)";
				PRODUCT_NAME = vivrTests;
				TEST_HOST = "$(BUILT_PRODUCTS_DIR)/vivr v4.app/vivr v4";
			};
			name = Distribution;
		};
		501E04311A428F1900F93122 /* Debug */ = {
			isa = XCBuildConfiguration;
			buildSettings = {
				ALWAYS_SEARCH_USER_PATHS = NO;
				CLANG_CXX_LANGUAGE_STANDARD = "gnu++0x";
				CLANG_CXX_LIBRARY = "libc++";
				CLANG_ENABLE_MODULES = YES;
				CLANG_ENABLE_OBJC_ARC = YES;
				CLANG_WARN_BOOL_CONVERSION = YES;
				CLANG_WARN_CONSTANT_CONVERSION = YES;
				CLANG_WARN_DIRECT_OBJC_ISA_USAGE = YES_ERROR;
				CLANG_WARN_EMPTY_BODY = YES;
				CLANG_WARN_ENUM_CONVERSION = YES;
				CLANG_WARN_INT_CONVERSION = YES;
				CLANG_WARN_OBJC_ROOT_CLASS = YES_ERROR;
				CLANG_WARN_UNREACHABLE_CODE = YES;
				CLANG_WARN__DUPLICATE_METHOD_MATCH = YES;
				CODE_SIGN_IDENTITY = "iPhone Developer: maxwell Blessen (SL357E37M8)";
				"CODE_SIGN_IDENTITY[sdk=iphoneos*]" = "iPhone Developer: maxwell Blessen (SL357E37M8)";
				COPY_PHASE_STRIP = NO;
				ENABLE_STRICT_OBJC_MSGSEND = YES;
				ENABLE_TESTABILITY = YES;
				GCC_C_LANGUAGE_STANDARD = gnu99;
				GCC_DYNAMIC_NO_PIC = NO;
				GCC_OPTIMIZATION_LEVEL = 0;
				GCC_PREPROCESSOR_DEFINITIONS = (
					"DEBUG=1",
					"$(inherited)",
				);
				GCC_SYMBOLS_PRIVATE_EXTERN = NO;
				GCC_WARN_64_TO_32_BIT_CONVERSION = YES;
				GCC_WARN_ABOUT_RETURN_TYPE = YES_ERROR;
				GCC_WARN_UNDECLARED_SELECTOR = YES;
				GCC_WARN_UNINITIALIZED_AUTOS = YES_AGGRESSIVE;
				GCC_WARN_UNUSED_FUNCTION = YES;
				GCC_WARN_UNUSED_VARIABLE = YES;
				IPHONEOS_DEPLOYMENT_TARGET = 8.1;
				MTL_ENABLE_DEBUG_INFO = YES;
				ONLY_ACTIVE_ARCH = YES;
				PROVISIONING_PROFILE = "22f74e39-97b3-4369-a55f-0a873ad6329f";
				SDKROOT = iphoneos;
				SWIFT_OPTIMIZATION_LEVEL = "-Onone";
			};
			name = Debug;
		};
		501E04321A428F1900F93122 /* Release */ = {
			isa = XCBuildConfiguration;
			buildSettings = {
				ALWAYS_SEARCH_USER_PATHS = NO;
				CLANG_CXX_LANGUAGE_STANDARD = "gnu++0x";
				CLANG_CXX_LIBRARY = "libc++";
				CLANG_ENABLE_MODULES = YES;
				CLANG_ENABLE_OBJC_ARC = YES;
				CLANG_WARN_BOOL_CONVERSION = YES;
				CLANG_WARN_CONSTANT_CONVERSION = YES;
				CLANG_WARN_DIRECT_OBJC_ISA_USAGE = YES_ERROR;
				CLANG_WARN_EMPTY_BODY = YES;
				CLANG_WARN_ENUM_CONVERSION = YES;
				CLANG_WARN_INT_CONVERSION = YES;
				CLANG_WARN_OBJC_ROOT_CLASS = YES_ERROR;
				CLANG_WARN_UNREACHABLE_CODE = YES;
				CLANG_WARN__DUPLICATE_METHOD_MATCH = YES;
				CODE_SIGN_IDENTITY = "iPhone Developer: maxwell Blessen (SL357E37M8)";
				"CODE_SIGN_IDENTITY[sdk=iphoneos*]" = "iPhone Developer: maxwell Blessen (SL357E37M8)";
				COPY_PHASE_STRIP = YES;
				ENABLE_NS_ASSERTIONS = NO;
				ENABLE_STRICT_OBJC_MSGSEND = YES;
				GCC_C_LANGUAGE_STANDARD = gnu99;
				GCC_WARN_64_TO_32_BIT_CONVERSION = YES;
				GCC_WARN_ABOUT_RETURN_TYPE = YES_ERROR;
				GCC_WARN_UNDECLARED_SELECTOR = YES;
				GCC_WARN_UNINITIALIZED_AUTOS = YES_AGGRESSIVE;
				GCC_WARN_UNUSED_FUNCTION = YES;
				GCC_WARN_UNUSED_VARIABLE = YES;
				IPHONEOS_DEPLOYMENT_TARGET = 8.1;
				MTL_ENABLE_DEBUG_INFO = NO;
				PROVISIONING_PROFILE = "22f74e39-97b3-4369-a55f-0a873ad6329f";
				SDKROOT = iphoneos;
				VALIDATE_PRODUCT = YES;
			};
			name = Release;
		};
		501E04341A428F1900F93122 /* Debug */ = {
			isa = XCBuildConfiguration;
			baseConfigurationReference = EF80CA2CE4B4BE7CEA77BE97 /* Pods.debug.xcconfig */;
			buildSettings = {
				ASSETCATALOG_COMPILER_APPICON_NAME = AppIcon;
				CLANG_ENABLE_MODULES = YES;
				CODE_SIGN_IDENTITY = "iPhone Developer: maxwell Blessen (SL357E37M8)";
				"CODE_SIGN_IDENTITY[sdk=iphoneos*]" = "iPhone Developer: maxwell Blessen (SL357E37M8)";
				FRAMEWORK_SEARCH_PATHS = (
					"$(inherited)",
					"$(PROJECT_DIR)/build/Debug-iphoneos",
				);
				INFOPLIST_FILE = "vivr v4/Info.plist";
				IPHONEOS_DEPLOYMENT_TARGET = 8.0;
				LD_RUNPATH_SEARCH_PATHS = "$(inherited) @executable_path/Frameworks";
				PRODUCT_BUNDLE_IDENTIFIER = 3LZZ9ZHSC3com.vivr.vivr;
				PRODUCT_NAME = vivr;
				PROVISIONING_PROFILE = "22f74e39-97b3-4369-a55f-0a873ad6329f";
				SWIFT_OBJC_BRIDGING_HEADER = "vivr v4/vivr v4-Bridging-Header.h";
				SWIFT_OPTIMIZATION_LEVEL = "-Onone";
				TARGETED_DEVICE_FAMILY = 1;
			};
			name = Debug;
		};
		501E04351A428F1900F93122 /* Release */ = {
			isa = XCBuildConfiguration;
			baseConfigurationReference = E22A8040F1B830ACD71DC853 /* Pods.release.xcconfig */;
			buildSettings = {
				ASSETCATALOG_COMPILER_APPICON_NAME = AppIcon;
				CLANG_ENABLE_MODULES = YES;
				CODE_SIGN_IDENTITY = "iPhone Developer: maxwell Blessen (SL357E37M8)";
				"CODE_SIGN_IDENTITY[sdk=iphoneos*]" = "iPhone Developer: maxwell Blessen (SL357E37M8)";
				FRAMEWORK_SEARCH_PATHS = (
					"$(inherited)",
					"$(PROJECT_DIR)/build/Debug-iphoneos",
				);
				INFOPLIST_FILE = "vivr v4/Info.plist";
				IPHONEOS_DEPLOYMENT_TARGET = 8.0;
				LD_RUNPATH_SEARCH_PATHS = "$(inherited) @executable_path/Frameworks";
				PRODUCT_BUNDLE_IDENTIFIER = 3LZZ9ZHSC3com.vivr.vivr;
				PRODUCT_NAME = vivr;
				PROVISIONING_PROFILE = "22f74e39-97b3-4369-a55f-0a873ad6329f";
				SWIFT_OBJC_BRIDGING_HEADER = "vivr v4/vivr v4-Bridging-Header.h";
				TARGETED_DEVICE_FAMILY = 1;
			};
			name = Release;
		};
		501E04371A428F1900F93122 /* Debug */ = {
			isa = XCBuildConfiguration;
			buildSettings = {
				BUNDLE_LOADER = "$(TEST_HOST)";
				FRAMEWORK_SEARCH_PATHS = (
					"$(SDKROOT)/Developer/Library/Frameworks",
					"$(inherited)",
				);
				GCC_PREPROCESSOR_DEFINITIONS = (
					"DEBUG=1",
					"$(inherited)",
				);
				INFOPLIST_FILE = "vivr v4Tests/Info.plist";
				LD_RUNPATH_SEARCH_PATHS = "$(inherited) @executable_path/Frameworks @loader_path/Frameworks";
				PRODUCT_BUNDLE_IDENTIFIER = "test.$(PRODUCT_NAME:rfc1034identifier)";
				PRODUCT_NAME = vivrTests;
				TEST_HOST = "$(BUILT_PRODUCTS_DIR)/vivr v4.app/vivr v4";
			};
			name = Debug;
		};
		501E04381A428F1900F93122 /* Release */ = {
			isa = XCBuildConfiguration;
			buildSettings = {
				BUNDLE_LOADER = "$(TEST_HOST)";
				FRAMEWORK_SEARCH_PATHS = (
					"$(SDKROOT)/Developer/Library/Frameworks",
					"$(inherited)",
				);
				INFOPLIST_FILE = "vivr v4Tests/Info.plist";
				LD_RUNPATH_SEARCH_PATHS = "$(inherited) @executable_path/Frameworks @loader_path/Frameworks";
				PRODUCT_BUNDLE_IDENTIFIER = "test.$(PRODUCT_NAME:rfc1034identifier)";
				PRODUCT_NAME = vivrTests;
				TEST_HOST = "$(BUILT_PRODUCTS_DIR)/vivr v4.app/vivr v4";
			};
			name = Release;
		};
/* End XCBuildConfiguration section */

/* Begin XCConfigurationList section */
		501E040D1A428F1900F93122 /* Build configuration list for PBXProject "vivr" */ = {
			isa = XCConfigurationList;
			buildConfigurations = (
				501E04311A428F1900F93122 /* Debug */,
				501E04321A428F1900F93122 /* Release */,
				5002F1971BC2F4DE0025C910 /* Distribution */,
			);
			defaultConfigurationIsVisible = 0;
			defaultConfigurationName = Release;
		};
		501E04331A428F1900F93122 /* Build configuration list for PBXNativeTarget "vivr" */ = {
			isa = XCConfigurationList;
			buildConfigurations = (
				501E04341A428F1900F93122 /* Debug */,
				501E04351A428F1900F93122 /* Release */,
				5002F1981BC2F4DE0025C910 /* Distribution */,
			);
			defaultConfigurationIsVisible = 0;
			defaultConfigurationName = Release;
		};
		501E04361A428F1900F93122 /* Build configuration list for PBXNativeTarget "vivrTests" */ = {
			isa = XCConfigurationList;
			buildConfigurations = (
				501E04371A428F1900F93122 /* Debug */,
				501E04381A428F1900F93122 /* Release */,
				5002F1991BC2F4DE0025C910 /* Distribution */,
			);
			defaultConfigurationIsVisible = 0;
			defaultConfigurationName = Release;
		};
/* End XCConfigurationList section */

/* Begin XCVersionGroup section */
		504227281B3344B200C1C194 /* userData.xcdatamodeld */ = {
			isa = XCVersionGroup;
			children = (
				50AF3C971BA7B8500014C003 /* userData 3.xcdatamodel */,
				50AF3C911BA7AFF20014C003 /* userData 2.xcdatamodel */,
				504227291B3344B200C1C194 /* userData.xcdatamodel */,
			);
			currentVersion = 50AF3C971BA7B8500014C003 /* userData 3.xcdatamodel */;
			path = userData.xcdatamodeld;
			sourceTree = "<group>";
			versionGroupType = wrapper.xcdatamodel;
		};
/* End XCVersionGroup section */
	};
	rootObject = 501E040A1A428F1900F93122 /* Project object */;
}
